
Microsoft Visual Studio Solution File, Format Version 12.00
# Visual Studio Version 17
VisualStudioVersion = 17.7.34024.191
MinimumVisualStudioVersion = 10.0.40219.1
Project("{8BC9CEB8-8B4A-11D0-8D11-00A0C91BC942}") = "Evolucion de los beneficios", "Evolucion de los beneficios\Evolucion de los beneficios.vcxproj", "{7929B518-C044-4E53-9964-AC67742BE332}"
EndProject
Project("{8BC9CEB8-8B4A-11D0-8D11-00A0C91BC942}") = "Número de máximos", "Número de máximos\Número de máximos.vcxproj", "{EFB7ACFE-BC56-4DCE-ACF4-CEE93A32621E}"
EndProject
Project("{8BC9CEB8-8B4A-11D0-8D11-00A0C91BC942}") = "Última vez que", "Última vez que\Última vez que.vcxproj", "{DB900067-7055-4676-B09E-73F3036E9074}"
EndProject
Project("{8BC9CEB8-8B4A-11D0-8D11-00A0C91BC942}") = "Caminando voy", "Caminando voy\Caminando voy.vcxproj", "{30255D10-1098-47A6-AA2C-89503BE45624}"
EndProject
Project("{8BC9CEB8-8B4A-11D0-8D11-00A0C91BC942}") = "Rescate aéreo 1", "Rescate aéreo 1\Rescate aéreo 1.vcxproj", "{1D13640F-76E6-4976-A539-9068156A12F1}"
EndProject
Project("{8BC9CEB8-8B4A-11D0-8D11-00A0C91BC942}") = "Sensores defectuosos", "Sensores defectuosos\Sensores defectuosos.vcxproj", "{122EDF96-CD8B-434E-83CF-B785DE5E80D2}"
EndProject
Project("{8BC9CEB8-8B4A-11D0-8D11-00A0C91BC942}") = "Como van las encuestas", "Como van las encuestas\Como van las encuestas.vcxproj", "{E2FA4E0E-48C8-4EEA-B35F-1FEFBE5D5051}"
EndProject
Project("{8BC9CEB8-8B4A-11D0-8D11-00A0C91BC942}") = "Reserva de elefantes", "Reserva de elefantes\Reserva de elefantes.vcxproj", "{0EBAD0D4-81A8-494A-94AC-AD0C022CA5B9}"
EndProject
Project("{8BC9CEB8-8B4A-11D0-8D11-00A0C91BC942}") = "Un apartamento con vistas", "Un apartamento con vistas\Un apartamento con vistas.vcxproj", "{B1262ED2-D500-45FB-9916-E192612449CB}"
EndProject
Project("{8BC9CEB8-8B4A-11D0-8D11-00A0C91BC942}") = "Parejas de impares y pares", "Parejas de impares y pares\Parejas de impares y pares.vcxproj", "{71588A1A-ED6B-424C-A480-0D45825746EF}"
EndProject
Project("{8BC9CEB8-8B4A-11D0-8D11-00A0C91BC942}") = "Esta bien dividido el vector", "Esta bien dividido el vector\Esta bien dividido el vector.vcxproj", "{B31985FB-877B-4C2D-9353-4D15DA3F977F}"
EndProject
Project("{8BC9CEB8-8B4A-11D0-8D11-00A0C91BC942}") = "IT Ordinaria 2023", "IT Ordinaria 2023\IT Ordinaria 2023.vcxproj", "{FFFCC88B-62BC-47F6-9911-B42AE8D23AA2}"
EndProject
Project("{8BC9CEB8-8B4A-11D0-8D11-00A0C91BC942}") = "Viajes a Marte", "Viajes a Marte\Viajes a Marte.vcxproj", "{E92D0616-3DB6-4D8A-9367-630209814BC9}"
EndProject
Project("{8BC9CEB8-8B4A-11D0-8D11-00A0C91BC942}") = "Un móvil nuevo", "Un móvil nuevo\Un móvil nuevo.vcxproj", "{AD3CBC85-F897-4B11-B0EE-9D9CC41C9DBF}"
EndProject
Project("{8BC9CEB8-8B4A-11D0-8D11-00A0C91BC942}") = "Un movil nuevo. Ampliamos el catalogo", "Un movil nuevo. Ampliamos el catalogo\Un movil nuevo. Ampliamos el catalogo.vcxproj", "{371D1CBB-ECAC-42A2-9062-75DC41E464B7}"
EndProject
Project("{8BC9CEB8-8B4A-11D0-8D11-00A0C91BC942}") = "Juego de dados", "Juego de dados\Juego de dados.vcxproj", "{3788548C-F55B-487A-BB00-33AB124814A2}"
EndProject
Project("{8BC9CEB8-8B4A-11D0-8D11-00A0C91BC942}") = "FAL-IT-SegmentoConsecutivos-4", "FAL-IT-SegmentoConsecutivos-4\FAL-IT-SegmentoConsecutivos-4.vcxproj", "{7537421E-9389-44D9-8136-97D87A001806}"
EndProject
Project("{8BC9CEB8-8B4A-11D0-8D11-00A0C91BC942}") = "FAL-IT-KEmparejados-1", "FAL-IT-KEmparejados-1\FAL-IT-KEmparejados-1.vcxproj", "{859BD45E-93E5-450C-9E0F-8EC8DEF5C867}"
EndProject
Project("{8BC9CEB8-8B4A-11D0-8D11-00A0C91BC942}") = "FAL-IT-DivertidoPorLosPelos-1", "FAL-IT-DivertidoPorLosPelos-1\FAL-IT-DivertidoPorLosPelos-1.vcxproj", "{D1FA1A64-4A35-45F8-BB54-29840FB7555D}"
EndProject
Project("{8BC9CEB8-8B4A-11D0-8D11-00A0C91BC942}") = "FAL-IT-VueltaAlMundo-3", "FAL-IT-VueltaAlMundo-3\FAL-IT-VueltaAlMundo-3.vcxproj", "{AC206DA5-CD4A-4C0A-A862-31B9CA37CD52}"
EndProject
Project("{8BC9CEB8-8B4A-11D0-8D11-00A0C91BC942}") = "FAL-IT-AterrizajeEmergencia-3", "FAL-IT-AterrizajeEmergencia-3\FAL-IT-AterrizajeEmergencia-3.vcxproj", "{7457BDDC-F9C4-482F-BCB4-0B67A8591A51}"
EndProject
Project("{8BC9CEB8-8B4A-11D0-8D11-00A0C91BC942}") = "FAL-IT-CintasColores-3", "FAL-IT-CintasColores-3\FAL-IT-CintasColores-3.vcxproj", "{0F7941EF-954C-4966-9F79-164BD12BB25D}"
EndProject
Project("{8BC9CEB8-8B4A-11D0-8D11-00A0C91BC942}") = "FAL-IT-Heidi-3", "FAL-IT-Heidi-3\FAL-IT-Heidi-3.vcxproj", "{F384A6A3-0E8B-4B8A-BF53-04E6DB54CE61}"
EndProject
Project("{8BC9CEB8-8B4A-11D0-8D11-00A0C91BC942}") = "FAL-IT-ReleyendoLibroSinPreferida-3", "FAL-IT-ReleyendoLibroSinPreferida-3\FAL-IT-ReleyendoLibroSinPreferida-3.vcxproj", "{D5A53D06-FE65-4204-BCFF-166FFEDBD7E6}"
EndProject
Project("{8BC9CEB8-8B4A-11D0-8D11-00A0C91BC942}") = "FAL-IT-ReleyendoLibroConPreferida-3", "FAL-IT-ReleyendoLibroConPreferida-3\FAL-IT-ReleyendoLibroConPreferida-3.vcxproj", "{C9A96AF2-3E05-4CF3-8071-76A6B5D3E973}"
EndProject
Project("{8BC9CEB8-8B4A-11D0-8D11-00A0C91BC942}") = "FAL-IT-EFDG-ENE25", "FAL-IT-EFDG-ENE25\FAL-IT-EFDG-ENE25.vcxproj", "{D28FCFCA-2BBF-4838-A7F9-DB94595861F8}"
EndProject
Project("{8BC9CEB8-8B4A-11D0-8D11-00A0C91BC942}") = "FAL-REC-AlgoritmoEuclides-3", "FAL-REC-AlgoritmoEuclides-3\FAL-REC-AlgoritmoEuclides-3.vcxproj", "{58605C27-60BC-425A-A460-A9049A5B7EF2}"
EndProject
Project("{8BC9CEB8-8B4A-11D0-8D11-00A0C91BC942}") = "FAL-NUM-DecimalBinario-3", "FAL-NUM-DecimalBinario-3\FAL-NUM-DecimalBinario-3.vcxproj", "{09465891-D6D0-4295-9E57-5EE4FB317362}"
EndProject
Project("{8BC9CEB8-8B4A-11D0-8D11-00A0C91BC942}") = "FAL-NUM-InvertirNumero-3", "FAL-NUM-InvertirNumero-3\FAL-NUM-InvertirNumero-3.vcxproj", "{8F5AC863-CB41-44CD-A90F-02D2F172276A}"
EndProject
Project("{8BC9CEB8-8B4A-11D0-8D11-00A0C91BC942}") = "FAL-DYV-LuckyLuke-3", "FAL-DYV-LuckyLuke-3\FAL-DYV-LuckyLuke-3.vcxproj", "{EF7BC816-44DC-4776-9601-14D925456421}"
EndProject
Project("{8BC9CEB8-8B4A-11D0-8D11-00A0C91BC942}") = "FAL-NUM-SumarDigitos-3", "FAL-NUM-SumarDigitos-3\FAL-NUM-SumarDigitos-3.vcxproj", "{973D7E70-4CF0-43DA-953A-B8280BD1DEA9}"
EndProject
Project("{8BC9CEB8-8B4A-11D0-8D11-00A0C91BC942}") = "FAL-NUM-JugandoDigitos-3", "FAL-NUM-JugandoDigitos-3\FAL-NUM-JugandoDigitos-3.vcxproj", "{A489DBC5-6C3E-4DE8-8CD9-B9C905A94861}"
EndProject
Project("{8BC9CEB8-8B4A-11D0-8D11-00A0C91BC942}") = "FAL-NUM-DigitosComplementarios-4", "FAL-NUM-DigitosComplementarios-4\FAL-NUM-DigitosComplementarios-4.vcxproj", "{A60C28C0-176B-48B1-8D05-0ECE84746E80}"
EndProject
Project("{8BC9CEB8-8B4A-11D0-8D11-00A0C91BC942}") = "FAL-NUM-SumDivisible-1", "FAL-NUM-SumDivisible-1\FAL-NUM-SumDivisible-1.vcxproj", "{CAD9750A-D753-4082-A4D3-9591327935F4}"
EndProject
Project("{8BC9CEB8-8B4A-11D0-8D11-00A0C91BC942}") = "FAL-NUM-CodificarNumero-4", "FAL-NUM-CodificarNumero-4\FAL-NUM-CodificarNumero-4.vcxproj", "{796CCCF6-80A5-4446-9387-C15B825269DB}"
EndProject
Project("{8BC9CEB8-8B4A-11D0-8D11-00A0C91BC942}") = "FAL-NUM-DigitoMultiplicativo-4", "FAL-NUM-DigitoMultiplicativo-4\FAL-NUM-DigitoMultiplicativo-4.vcxproj", "{243703BB-EA5C-4738-B08C-0B273C015098}"
EndProject
Project("{8BC9CEB8-8B4A-11D0-8D11-00A0C91BC942}") = "FAL-NUM-DigitosDecrecientesFinal-3", "FAL-NUM-DigitosDecrecientesFinal-3\FAL-NUM-DigitosDecrecientesFinal-3.vcxproj", "{8E0DFD7C-6784-4D2E-B3C2-49013BFAC125}"
EndProject
Project("{8BC9CEB8-8B4A-11D0-8D11-00A0C91BC942}") = "FAL-NUM-DigitosDecrecientesFinalYNoFinal-3", "FAL-NUM-DigitosDecrecientesFinalYNoFinal-3\FAL-NUM-DigitosDecrecientesFinalYNoFinal-3.vcxproj", "{A405BAA0-7C51-4699-B231-3335B9985EAD}"
EndProject
Project("{8BC9CEB8-8B4A-11D0-8D11-00A0C91BC942}") = "FAL-DYV-MinimoVectorRotado-3", "FAL-DYV-MinimoVectorRotado-3\FAL-DYV-MinimoVectorRotado-3.vcxproj", "{589755AE-0493-475E-A505-A2A11CC3084E}"
EndProject
Project("{8BC9CEB8-8B4A-11D0-8D11-00A0C91BC942}") = "FAL-DYV-FugaPrision-3", "FAL-DYV-FugaPrision-3\FAL-DYV-FugaPrision-3.vcxproj", "{CC447CE3-0F5C-4F10-B625-FD4D30892B15}"
EndProject
Project("{8BC9CEB8-8B4A-11D0-8D11-00A0C91BC942}") = "FAL-DYV-Bongo-3", "FAL-DYV-Bongo-3\FAL-DYV-Bongo-3.vcxproj", "{C9496D3E-4E18-4AB8-B0AA-C28D0FC84202}"
EndProject
Project("{8BC9CEB8-8B4A-11D0-8D11-00A0C91BC942}") = "FAL-DYV-ParcialmenteOrdenado-3", "FAL-DYV-ParcialmenteOrdenado-3\FAL-DYV-ParcialmenteOrdenado-3.vcxproj", "{7ABE6B9C-992E-48FD-A2A8-06641AA860BA}"
EndProject
Project("{8BC9CEB8-8B4A-11D0-8D11-00A0C91BC942}") = "FAL-DYV-ExposicionArte-1", "FAL-DYV-ExposicionArte-1\FAL-DYV-ExposicionArte-1.vcxproj", "{F8947007-581A-49A0-BD93-F9DB66CDD2F8}"
EndProject
Project("{8BC9CEB8-8B4A-11D0-8D11-00A0C91BC942}") = "FAL-DYV-NumeroExtranyo-4", "FAL-DYV-NumeroExtranyo-4\FAL-DYV-NumeroExtranyo-4.vcxproj", "{26C4D236-DF09-444A-B3FE-8B6DFBD36E11}"
EndProject
Project("{8BC9CEB8-8B4A-11D0-8D11-00A0C91BC942}") = "FAL-DYV-SuficientementeDisperso-3", "FAL-DYV-SuficientementeDisperso-3\FAL-DYV-SuficientementeDisperso-3.vcxproj", "{8122EDE9-93E0-413B-8CDB-5A67CA560274}"
EndProject
Project("{8BC9CEB8-8B4A-11D0-8D11-00A0C91BC942}") = "FAL-DYV-Quebrada-3", "FAL-DYV-Quebrada-3\FAL-DYV-Quebrada-3.vcxproj", "{B68F429C-095B-4617-AE81-0462C98FC12B}"
EndProject
Project("{8BC9CEB8-8B4A-11D0-8D11-00A0C91BC942}") = "FAL-DYV-BattleStarGalactica-3", "FAL-DYV-BattleStarGalactica-3\FAL-DYV-BattleStarGalactica-3.vcxproj", "{14C0952B-43BF-45BD-B97F-FF059E095678}"
EndProject
Global
	GlobalSection(SolutionConfigurationPlatforms) = preSolution
		Debug|x64 = Debug|x64
		Debug|x86 = Debug|x86
		Release|x64 = Release|x64
		Release|x86 = Release|x86
	EndGlobalSection
	GlobalSection(ProjectConfigurationPlatforms) = postSolution
		{7929B518-C044-4E53-9964-AC67742BE332}.Debug|x64.ActiveCfg = Debug|x64
		{7929B518-C044-4E53-9964-AC67742BE332}.Debug|x64.Build.0 = Debug|x64
		{7929B518-C044-4E53-9964-AC67742BE332}.Debug|x86.ActiveCfg = Debug|Win32
		{7929B518-C044-4E53-9964-AC67742BE332}.Debug|x86.Build.0 = Debug|Win32
		{7929B518-C044-4E53-9964-AC67742BE332}.Release|x64.ActiveCfg = Release|x64
		{7929B518-C044-4E53-9964-AC67742BE332}.Release|x64.Build.0 = Release|x64
		{7929B518-C044-4E53-9964-AC67742BE332}.Release|x86.ActiveCfg = Release|Win32
		{7929B518-C044-4E53-9964-AC67742BE332}.Release|x86.Build.0 = Release|Win32
		{EFB7ACFE-BC56-4DCE-ACF4-CEE93A32621E}.Debug|x64.ActiveCfg = Debug|x64
		{EFB7ACFE-BC56-4DCE-ACF4-CEE93A32621E}.Debug|x64.Build.0 = Debug|x64
		{EFB7ACFE-BC56-4DCE-ACF4-CEE93A32621E}.Debug|x86.ActiveCfg = Debug|Win32
		{EFB7ACFE-BC56-4DCE-ACF4-CEE93A32621E}.Debug|x86.Build.0 = Debug|Win32
		{EFB7ACFE-BC56-4DCE-ACF4-CEE93A32621E}.Release|x64.ActiveCfg = Release|x64
		{EFB7ACFE-BC56-4DCE-ACF4-CEE93A32621E}.Release|x64.Build.0 = Release|x64
		{EFB7ACFE-BC56-4DCE-ACF4-CEE93A32621E}.Release|x86.ActiveCfg = Release|Win32
		{EFB7ACFE-BC56-4DCE-ACF4-CEE93A32621E}.Release|x86.Build.0 = Release|Win32
		{DB900067-7055-4676-B09E-73F3036E9074}.Debug|x64.ActiveCfg = Debug|x64
		{DB900067-7055-4676-B09E-73F3036E9074}.Debug|x64.Build.0 = Debug|x64
		{DB900067-7055-4676-B09E-73F3036E9074}.Debug|x86.ActiveCfg = Debug|Win32
		{DB900067-7055-4676-B09E-73F3036E9074}.Debug|x86.Build.0 = Debug|Win32
		{DB900067-7055-4676-B09E-73F3036E9074}.Release|x64.ActiveCfg = Release|x64
		{DB900067-7055-4676-B09E-73F3036E9074}.Release|x64.Build.0 = Release|x64
		{DB900067-7055-4676-B09E-73F3036E9074}.Release|x86.ActiveCfg = Release|Win32
		{DB900067-7055-4676-B09E-73F3036E9074}.Release|x86.Build.0 = Release|Win32
		{30255D10-1098-47A6-AA2C-89503BE45624}.Debug|x64.ActiveCfg = Debug|x64
		{30255D10-1098-47A6-AA2C-89503BE45624}.Debug|x64.Build.0 = Debug|x64
		{30255D10-1098-47A6-AA2C-89503BE45624}.Debug|x86.ActiveCfg = Debug|Win32
		{30255D10-1098-47A6-AA2C-89503BE45624}.Debug|x86.Build.0 = Debug|Win32
		{30255D10-1098-47A6-AA2C-89503BE45624}.Release|x64.ActiveCfg = Release|x64
		{30255D10-1098-47A6-AA2C-89503BE45624}.Release|x64.Build.0 = Release|x64
		{30255D10-1098-47A6-AA2C-89503BE45624}.Release|x86.ActiveCfg = Release|Win32
		{30255D10-1098-47A6-AA2C-89503BE45624}.Release|x86.Build.0 = Release|Win32
		{1D13640F-76E6-4976-A539-9068156A12F1}.Debug|x64.ActiveCfg = Debug|x64
		{1D13640F-76E6-4976-A539-9068156A12F1}.Debug|x64.Build.0 = Debug|x64
		{1D13640F-76E6-4976-A539-9068156A12F1}.Debug|x86.ActiveCfg = Debug|Win32
		{1D13640F-76E6-4976-A539-9068156A12F1}.Debug|x86.Build.0 = Debug|Win32
		{1D13640F-76E6-4976-A539-9068156A12F1}.Release|x64.ActiveCfg = Release|x64
		{1D13640F-76E6-4976-A539-9068156A12F1}.Release|x64.Build.0 = Release|x64
		{1D13640F-76E6-4976-A539-9068156A12F1}.Release|x86.ActiveCfg = Release|Win32
		{1D13640F-76E6-4976-A539-9068156A12F1}.Release|x86.Build.0 = Release|Win32
		{122EDF96-CD8B-434E-83CF-B785DE5E80D2}.Debug|x64.ActiveCfg = Debug|x64
		{122EDF96-CD8B-434E-83CF-B785DE5E80D2}.Debug|x64.Build.0 = Debug|x64
		{122EDF96-CD8B-434E-83CF-B785DE5E80D2}.Debug|x86.ActiveCfg = Debug|Win32
		{122EDF96-CD8B-434E-83CF-B785DE5E80D2}.Debug|x86.Build.0 = Debug|Win32
		{122EDF96-CD8B-434E-83CF-B785DE5E80D2}.Release|x64.ActiveCfg = Release|x64
		{122EDF96-CD8B-434E-83CF-B785DE5E80D2}.Release|x64.Build.0 = Release|x64
		{122EDF96-CD8B-434E-83CF-B785DE5E80D2}.Release|x86.ActiveCfg = Release|Win32
		{122EDF96-CD8B-434E-83CF-B785DE5E80D2}.Release|x86.Build.0 = Release|Win32
		{E2FA4E0E-48C8-4EEA-B35F-1FEFBE5D5051}.Debug|x64.ActiveCfg = Debug|x64
		{E2FA4E0E-48C8-4EEA-B35F-1FEFBE5D5051}.Debug|x64.Build.0 = Debug|x64
		{E2FA4E0E-48C8-4EEA-B35F-1FEFBE5D5051}.Debug|x86.ActiveCfg = Debug|Win32
		{E2FA4E0E-48C8-4EEA-B35F-1FEFBE5D5051}.Debug|x86.Build.0 = Debug|Win32
		{E2FA4E0E-48C8-4EEA-B35F-1FEFBE5D5051}.Release|x64.ActiveCfg = Release|x64
		{E2FA4E0E-48C8-4EEA-B35F-1FEFBE5D5051}.Release|x64.Build.0 = Release|x64
		{E2FA4E0E-48C8-4EEA-B35F-1FEFBE5D5051}.Release|x86.ActiveCfg = Release|Win32
		{E2FA4E0E-48C8-4EEA-B35F-1FEFBE5D5051}.Release|x86.Build.0 = Release|Win32
		{0EBAD0D4-81A8-494A-94AC-AD0C022CA5B9}.Debug|x64.ActiveCfg = Debug|x64
		{0EBAD0D4-81A8-494A-94AC-AD0C022CA5B9}.Debug|x64.Build.0 = Debug|x64
		{0EBAD0D4-81A8-494A-94AC-AD0C022CA5B9}.Debug|x86.ActiveCfg = Debug|Win32
		{0EBAD0D4-81A8-494A-94AC-AD0C022CA5B9}.Debug|x86.Build.0 = Debug|Win32
		{0EBAD0D4-81A8-494A-94AC-AD0C022CA5B9}.Release|x64.ActiveCfg = Release|x64
		{0EBAD0D4-81A8-494A-94AC-AD0C022CA5B9}.Release|x64.Build.0 = Release|x64
		{0EBAD0D4-81A8-494A-94AC-AD0C022CA5B9}.Release|x86.ActiveCfg = Release|Win32
		{0EBAD0D4-81A8-494A-94AC-AD0C022CA5B9}.Release|x86.Build.0 = Release|Win32
		{B1262ED2-D500-45FB-9916-E192612449CB}.Debug|x64.ActiveCfg = Debug|x64
		{B1262ED2-D500-45FB-9916-E192612449CB}.Debug|x64.Build.0 = Debug|x64
		{B1262ED2-D500-45FB-9916-E192612449CB}.Debug|x86.ActiveCfg = Debug|Win32
		{B1262ED2-D500-45FB-9916-E192612449CB}.Debug|x86.Build.0 = Debug|Win32
		{B1262ED2-D500-45FB-9916-E192612449CB}.Release|x64.ActiveCfg = Release|x64
		{B1262ED2-D500-45FB-9916-E192612449CB}.Release|x64.Build.0 = Release|x64
		{B1262ED2-D500-45FB-9916-E192612449CB}.Release|x86.ActiveCfg = Release|Win32
		{B1262ED2-D500-45FB-9916-E192612449CB}.Release|x86.Build.0 = Release|Win32
		{71588A1A-ED6B-424C-A480-0D45825746EF}.Debug|x64.ActiveCfg = Debug|x64
		{71588A1A-ED6B-424C-A480-0D45825746EF}.Debug|x64.Build.0 = Debug|x64
		{71588A1A-ED6B-424C-A480-0D45825746EF}.Debug|x86.ActiveCfg = Debug|Win32
		{71588A1A-ED6B-424C-A480-0D45825746EF}.Debug|x86.Build.0 = Debug|Win32
		{71588A1A-ED6B-424C-A480-0D45825746EF}.Release|x64.ActiveCfg = Release|x64
		{71588A1A-ED6B-424C-A480-0D45825746EF}.Release|x64.Build.0 = Release|x64
		{71588A1A-ED6B-424C-A480-0D45825746EF}.Release|x86.ActiveCfg = Release|Win32
		{71588A1A-ED6B-424C-A480-0D45825746EF}.Release|x86.Build.0 = Release|Win32
		{B31985FB-877B-4C2D-9353-4D15DA3F977F}.Debug|x64.ActiveCfg = Debug|x64
		{B31985FB-877B-4C2D-9353-4D15DA3F977F}.Debug|x64.Build.0 = Debug|x64
		{B31985FB-877B-4C2D-9353-4D15DA3F977F}.Debug|x86.ActiveCfg = Debug|Win32
		{B31985FB-877B-4C2D-9353-4D15DA3F977F}.Debug|x86.Build.0 = Debug|Win32
		{B31985FB-877B-4C2D-9353-4D15DA3F977F}.Release|x64.ActiveCfg = Release|x64
		{B31985FB-877B-4C2D-9353-4D15DA3F977F}.Release|x64.Build.0 = Release|x64
		{B31985FB-877B-4C2D-9353-4D15DA3F977F}.Release|x86.ActiveCfg = Release|Win32
		{B31985FB-877B-4C2D-9353-4D15DA3F977F}.Release|x86.Build.0 = Release|Win32
		{FFFCC88B-62BC-47F6-9911-B42AE8D23AA2}.Debug|x64.ActiveCfg = Debug|x64
		{FFFCC88B-62BC-47F6-9911-B42AE8D23AA2}.Debug|x64.Build.0 = Debug|x64
		{FFFCC88B-62BC-47F6-9911-B42AE8D23AA2}.Debug|x86.ActiveCfg = Debug|Win32
		{FFFCC88B-62BC-47F6-9911-B42AE8D23AA2}.Debug|x86.Build.0 = Debug|Win32
		{FFFCC88B-62BC-47F6-9911-B42AE8D23AA2}.Release|x64.ActiveCfg = Release|x64
		{FFFCC88B-62BC-47F6-9911-B42AE8D23AA2}.Release|x64.Build.0 = Release|x64
		{FFFCC88B-62BC-47F6-9911-B42AE8D23AA2}.Release|x86.ActiveCfg = Release|Win32
		{FFFCC88B-62BC-47F6-9911-B42AE8D23AA2}.Release|x86.Build.0 = Release|Win32
		{E92D0616-3DB6-4D8A-9367-630209814BC9}.Debug|x64.ActiveCfg = Debug|x64
		{E92D0616-3DB6-4D8A-9367-630209814BC9}.Debug|x64.Build.0 = Debug|x64
		{E92D0616-3DB6-4D8A-9367-630209814BC9}.Debug|x86.ActiveCfg = Debug|Win32
		{E92D0616-3DB6-4D8A-9367-630209814BC9}.Debug|x86.Build.0 = Debug|Win32
		{E92D0616-3DB6-4D8A-9367-630209814BC9}.Release|x64.ActiveCfg = Release|x64
		{E92D0616-3DB6-4D8A-9367-630209814BC9}.Release|x64.Build.0 = Release|x64
		{E92D0616-3DB6-4D8A-9367-630209814BC9}.Release|x86.ActiveCfg = Release|Win32
		{E92D0616-3DB6-4D8A-9367-630209814BC9}.Release|x86.Build.0 = Release|Win32
		{AD3CBC85-F897-4B11-B0EE-9D9CC41C9DBF}.Debug|x64.ActiveCfg = Debug|x64
		{AD3CBC85-F897-4B11-B0EE-9D9CC41C9DBF}.Debug|x64.Build.0 = Debug|x64
		{AD3CBC85-F897-4B11-B0EE-9D9CC41C9DBF}.Debug|x86.ActiveCfg = Debug|Win32
		{AD3CBC85-F897-4B11-B0EE-9D9CC41C9DBF}.Debug|x86.Build.0 = Debug|Win32
		{AD3CBC85-F897-4B11-B0EE-9D9CC41C9DBF}.Release|x64.ActiveCfg = Release|x64
		{AD3CBC85-F897-4B11-B0EE-9D9CC41C9DBF}.Release|x64.Build.0 = Release|x64
		{AD3CBC85-F897-4B11-B0EE-9D9CC41C9DBF}.Release|x86.ActiveCfg = Release|Win32
		{AD3CBC85-F897-4B11-B0EE-9D9CC41C9DBF}.Release|x86.Build.0 = Release|Win32
		{371D1CBB-ECAC-42A2-9062-75DC41E464B7}.Debug|x64.ActiveCfg = Debug|x64
		{371D1CBB-ECAC-42A2-9062-75DC41E464B7}.Debug|x64.Build.0 = Debug|x64
		{371D1CBB-ECAC-42A2-9062-75DC41E464B7}.Debug|x86.ActiveCfg = Debug|Win32
		{371D1CBB-ECAC-42A2-9062-75DC41E464B7}.Debug|x86.Build.0 = Debug|Win32
		{371D1CBB-ECAC-42A2-9062-75DC41E464B7}.Release|x64.ActiveCfg = Release|x64
		{371D1CBB-ECAC-42A2-9062-75DC41E464B7}.Release|x64.Build.0 = Release|x64
		{371D1CBB-ECAC-42A2-9062-75DC41E464B7}.Release|x86.ActiveCfg = Release|Win32
		{371D1CBB-ECAC-42A2-9062-75DC41E464B7}.Release|x86.Build.0 = Release|Win32
		{3788548C-F55B-487A-BB00-33AB124814A2}.Debug|x64.ActiveCfg = Debug|x64
		{3788548C-F55B-487A-BB00-33AB124814A2}.Debug|x64.Build.0 = Debug|x64
		{3788548C-F55B-487A-BB00-33AB124814A2}.Debug|x86.ActiveCfg = Debug|Win32
		{3788548C-F55B-487A-BB00-33AB124814A2}.Debug|x86.Build.0 = Debug|Win32
		{3788548C-F55B-487A-BB00-33AB124814A2}.Release|x64.ActiveCfg = Release|x64
		{3788548C-F55B-487A-BB00-33AB124814A2}.Release|x64.Build.0 = Release|x64
		{3788548C-F55B-487A-BB00-33AB124814A2}.Release|x86.ActiveCfg = Release|Win32
		{3788548C-F55B-487A-BB00-33AB124814A2}.Release|x86.Build.0 = Release|Win32
		{7537421E-9389-44D9-8136-97D87A001806}.Debug|x64.ActiveCfg = Debug|x64
		{7537421E-9389-44D9-8136-97D87A001806}.Debug|x64.Build.0 = Debug|x64
		{7537421E-9389-44D9-8136-97D87A001806}.Debug|x86.ActiveCfg = Debug|Win32
		{7537421E-9389-44D9-8136-97D87A001806}.Debug|x86.Build.0 = Debug|Win32
		{7537421E-9389-44D9-8136-97D87A001806}.Release|x64.ActiveCfg = Release|x64
		{7537421E-9389-44D9-8136-97D87A001806}.Release|x64.Build.0 = Release|x64
		{7537421E-9389-44D9-8136-97D87A001806}.Release|x86.ActiveCfg = Release|Win32
		{7537421E-9389-44D9-8136-97D87A001806}.Release|x86.Build.0 = Release|Win32
		{859BD45E-93E5-450C-9E0F-8EC8DEF5C867}.Debug|x64.ActiveCfg = Debug|x64
		{859BD45E-93E5-450C-9E0F-8EC8DEF5C867}.Debug|x64.Build.0 = Debug|x64
		{859BD45E-93E5-450C-9E0F-8EC8DEF5C867}.Debug|x86.ActiveCfg = Debug|Win32
		{859BD45E-93E5-450C-9E0F-8EC8DEF5C867}.Debug|x86.Build.0 = Debug|Win32
		{859BD45E-93E5-450C-9E0F-8EC8DEF5C867}.Release|x64.ActiveCfg = Release|x64
		{859BD45E-93E5-450C-9E0F-8EC8DEF5C867}.Release|x64.Build.0 = Release|x64
		{859BD45E-93E5-450C-9E0F-8EC8DEF5C867}.Release|x86.ActiveCfg = Release|Win32
		{859BD45E-93E5-450C-9E0F-8EC8DEF5C867}.Release|x86.Build.0 = Release|Win32
		{D1FA1A64-4A35-45F8-BB54-29840FB7555D}.Debug|x64.ActiveCfg = Debug|x64
		{D1FA1A64-4A35-45F8-BB54-29840FB7555D}.Debug|x64.Build.0 = Debug|x64
		{D1FA1A64-4A35-45F8-BB54-29840FB7555D}.Debug|x86.ActiveCfg = Debug|Win32
		{D1FA1A64-4A35-45F8-BB54-29840FB7555D}.Debug|x86.Build.0 = Debug|Win32
		{D1FA1A64-4A35-45F8-BB54-29840FB7555D}.Release|x64.ActiveCfg = Release|x64
		{D1FA1A64-4A35-45F8-BB54-29840FB7555D}.Release|x64.Build.0 = Release|x64
		{D1FA1A64-4A35-45F8-BB54-29840FB7555D}.Release|x86.ActiveCfg = Release|Win32
		{D1FA1A64-4A35-45F8-BB54-29840FB7555D}.Release|x86.Build.0 = Release|Win32
		{AC206DA5-CD4A-4C0A-A862-31B9CA37CD52}.Debug|x64.ActiveCfg = Debug|x64
		{AC206DA5-CD4A-4C0A-A862-31B9CA37CD52}.Debug|x64.Build.0 = Debug|x64
		{AC206DA5-CD4A-4C0A-A862-31B9CA37CD52}.Debug|x86.ActiveCfg = Debug|Win32
		{AC206DA5-CD4A-4C0A-A862-31B9CA37CD52}.Debug|x86.Build.0 = Debug|Win32
		{AC206DA5-CD4A-4C0A-A862-31B9CA37CD52}.Release|x64.ActiveCfg = Release|x64
		{AC206DA5-CD4A-4C0A-A862-31B9CA37CD52}.Release|x64.Build.0 = Release|x64
		{AC206DA5-CD4A-4C0A-A862-31B9CA37CD52}.Release|x86.ActiveCfg = Release|Win32
		{AC206DA5-CD4A-4C0A-A862-31B9CA37CD52}.Release|x86.Build.0 = Release|Win32
		{7457BDDC-F9C4-482F-BCB4-0B67A8591A51}.Debug|x64.ActiveCfg = Debug|x64
		{7457BDDC-F9C4-482F-BCB4-0B67A8591A51}.Debug|x64.Build.0 = Debug|x64
		{7457BDDC-F9C4-482F-BCB4-0B67A8591A51}.Debug|x86.ActiveCfg = Debug|Win32
		{7457BDDC-F9C4-482F-BCB4-0B67A8591A51}.Debug|x86.Build.0 = Debug|Win32
		{7457BDDC-F9C4-482F-BCB4-0B67A8591A51}.Release|x64.ActiveCfg = Release|x64
		{7457BDDC-F9C4-482F-BCB4-0B67A8591A51}.Release|x64.Build.0 = Release|x64
		{7457BDDC-F9C4-482F-BCB4-0B67A8591A51}.Release|x86.ActiveCfg = Release|Win32
		{7457BDDC-F9C4-482F-BCB4-0B67A8591A51}.Release|x86.Build.0 = Release|Win32
		{0F7941EF-954C-4966-9F79-164BD12BB25D}.Debug|x64.ActiveCfg = Debug|x64
		{0F7941EF-954C-4966-9F79-164BD12BB25D}.Debug|x64.Build.0 = Debug|x64
		{0F7941EF-954C-4966-9F79-164BD12BB25D}.Debug|x86.ActiveCfg = Debug|Win32
		{0F7941EF-954C-4966-9F79-164BD12BB25D}.Debug|x86.Build.0 = Debug|Win32
		{0F7941EF-954C-4966-9F79-164BD12BB25D}.Release|x64.ActiveCfg = Release|x64
		{0F7941EF-954C-4966-9F79-164BD12BB25D}.Release|x64.Build.0 = Release|x64
		{0F7941EF-954C-4966-9F79-164BD12BB25D}.Release|x86.ActiveCfg = Release|Win32
		{0F7941EF-954C-4966-9F79-164BD12BB25D}.Release|x86.Build.0 = Release|Win32
		{F384A6A3-0E8B-4B8A-BF53-04E6DB54CE61}.Debug|x64.ActiveCfg = Debug|x64
		{F384A6A3-0E8B-4B8A-BF53-04E6DB54CE61}.Debug|x64.Build.0 = Debug|x64
		{F384A6A3-0E8B-4B8A-BF53-04E6DB54CE61}.Debug|x86.ActiveCfg = Debug|Win32
		{F384A6A3-0E8B-4B8A-BF53-04E6DB54CE61}.Debug|x86.Build.0 = Debug|Win32
		{F384A6A3-0E8B-4B8A-BF53-04E6DB54CE61}.Release|x64.ActiveCfg = Release|x64
		{F384A6A3-0E8B-4B8A-BF53-04E6DB54CE61}.Release|x64.Build.0 = Release|x64
		{F384A6A3-0E8B-4B8A-BF53-04E6DB54CE61}.Release|x86.ActiveCfg = Release|Win32
		{F384A6A3-0E8B-4B8A-BF53-04E6DB54CE61}.Release|x86.Build.0 = Release|Win32
		{D5A53D06-FE65-4204-BCFF-166FFEDBD7E6}.Debug|x64.ActiveCfg = Debug|x64
		{D5A53D06-FE65-4204-BCFF-166FFEDBD7E6}.Debug|x64.Build.0 = Debug|x64
		{D5A53D06-FE65-4204-BCFF-166FFEDBD7E6}.Debug|x86.ActiveCfg = Debug|Win32
		{D5A53D06-FE65-4204-BCFF-166FFEDBD7E6}.Debug|x86.Build.0 = Debug|Win32
		{D5A53D06-FE65-4204-BCFF-166FFEDBD7E6}.Release|x64.ActiveCfg = Release|x64
		{D5A53D06-FE65-4204-BCFF-166FFEDBD7E6}.Release|x64.Build.0 = Release|x64
		{D5A53D06-FE65-4204-BCFF-166FFEDBD7E6}.Release|x86.ActiveCfg = Release|Win32
		{D5A53D06-FE65-4204-BCFF-166FFEDBD7E6}.Release|x86.Build.0 = Release|Win32
		{C9A96AF2-3E05-4CF3-8071-76A6B5D3E973}.Debug|x64.ActiveCfg = Debug|x64
		{C9A96AF2-3E05-4CF3-8071-76A6B5D3E973}.Debug|x64.Build.0 = Debug|x64
		{C9A96AF2-3E05-4CF3-8071-76A6B5D3E973}.Debug|x86.ActiveCfg = Debug|Win32
		{C9A96AF2-3E05-4CF3-8071-76A6B5D3E973}.Debug|x86.Build.0 = Debug|Win32
		{C9A96AF2-3E05-4CF3-8071-76A6B5D3E973}.Release|x64.ActiveCfg = Release|x64
		{C9A96AF2-3E05-4CF3-8071-76A6B5D3E973}.Release|x64.Build.0 = Release|x64
		{C9A96AF2-3E05-4CF3-8071-76A6B5D3E973}.Release|x86.ActiveCfg = Release|Win32
		{C9A96AF2-3E05-4CF3-8071-76A6B5D3E973}.Release|x86.Build.0 = Release|Win32
		{D28FCFCA-2BBF-4838-A7F9-DB94595861F8}.Debug|x64.ActiveCfg = Debug|x64
		{D28FCFCA-2BBF-4838-A7F9-DB94595861F8}.Debug|x64.Build.0 = Debug|x64
		{D28FCFCA-2BBF-4838-A7F9-DB94595861F8}.Debug|x86.ActiveCfg = Debug|Win32
		{D28FCFCA-2BBF-4838-A7F9-DB94595861F8}.Debug|x86.Build.0 = Debug|Win32
		{D28FCFCA-2BBF-4838-A7F9-DB94595861F8}.Release|x64.ActiveCfg = Release|x64
		{D28FCFCA-2BBF-4838-A7F9-DB94595861F8}.Release|x64.Build.0 = Release|x64
		{D28FCFCA-2BBF-4838-A7F9-DB94595861F8}.Release|x86.ActiveCfg = Release|Win32
		{D28FCFCA-2BBF-4838-A7F9-DB94595861F8}.Release|x86.Build.0 = Release|Win32
		{58605C27-60BC-425A-A460-A9049A5B7EF2}.Debug|x64.ActiveCfg = Debug|x64
		{58605C27-60BC-425A-A460-A9049A5B7EF2}.Debug|x64.Build.0 = Debug|x64
		{58605C27-60BC-425A-A460-A9049A5B7EF2}.Debug|x86.ActiveCfg = Debug|Win32
		{58605C27-60BC-425A-A460-A9049A5B7EF2}.Debug|x86.Build.0 = Debug|Win32
		{58605C27-60BC-425A-A460-A9049A5B7EF2}.Release|x64.ActiveCfg = Release|x64
		{58605C27-60BC-425A-A460-A9049A5B7EF2}.Release|x64.Build.0 = Release|x64
		{58605C27-60BC-425A-A460-A9049A5B7EF2}.Release|x86.ActiveCfg = Release|Win32
		{58605C27-60BC-425A-A460-A9049A5B7EF2}.Release|x86.Build.0 = Release|Win32
		{09465891-D6D0-4295-9E57-5EE4FB317362}.Debug|x64.ActiveCfg = Debug|x64
		{09465891-D6D0-4295-9E57-5EE4FB317362}.Debug|x64.Build.0 = Debug|x64
		{09465891-D6D0-4295-9E57-5EE4FB317362}.Debug|x86.ActiveCfg = Debug|Win32
		{09465891-D6D0-4295-9E57-5EE4FB317362}.Debug|x86.Build.0 = Debug|Win32
		{09465891-D6D0-4295-9E57-5EE4FB317362}.Release|x64.ActiveCfg = Release|x64
		{09465891-D6D0-4295-9E57-5EE4FB317362}.Release|x64.Build.0 = Release|x64
		{09465891-D6D0-4295-9E57-5EE4FB317362}.Release|x86.ActiveCfg = Release|Win32
		{09465891-D6D0-4295-9E57-5EE4FB317362}.Release|x86.Build.0 = Release|Win32
		{8F5AC863-CB41-44CD-A90F-02D2F172276A}.Debug|x64.ActiveCfg = Debug|x64
		{8F5AC863-CB41-44CD-A90F-02D2F172276A}.Debug|x64.Build.0 = Debug|x64
		{8F5AC863-CB41-44CD-A90F-02D2F172276A}.Debug|x86.ActiveCfg = Debug|Win32
		{8F5AC863-CB41-44CD-A90F-02D2F172276A}.Debug|x86.Build.0 = Debug|Win32
		{8F5AC863-CB41-44CD-A90F-02D2F172276A}.Release|x64.ActiveCfg = Release|x64
		{8F5AC863-CB41-44CD-A90F-02D2F172276A}.Release|x64.Build.0 = Release|x64
		{8F5AC863-CB41-44CD-A90F-02D2F172276A}.Release|x86.ActiveCfg = Release|Win32
		{8F5AC863-CB41-44CD-A90F-02D2F172276A}.Release|x86.Build.0 = Release|Win32
		{EF7BC816-44DC-4776-9601-14D925456421}.Debug|x64.ActiveCfg = Debug|x64
		{EF7BC816-44DC-4776-9601-14D925456421}.Debug|x64.Build.0 = Debug|x64
		{EF7BC816-44DC-4776-9601-14D925456421}.Debug|x86.ActiveCfg = Debug|Win32
		{EF7BC816-44DC-4776-9601-14D925456421}.Debug|x86.Build.0 = Debug|Win32
		{EF7BC816-44DC-4776-9601-14D925456421}.Release|x64.ActiveCfg = Release|x64
		{EF7BC816-44DC-4776-9601-14D925456421}.Release|x64.Build.0 = Release|x64
		{EF7BC816-44DC-4776-9601-14D925456421}.Release|x86.ActiveCfg = Release|Win32
		{EF7BC816-44DC-4776-9601-14D925456421}.Release|x86.Build.0 = Release|Win32
		{973D7E70-4CF0-43DA-953A-B8280BD1DEA9}.Debug|x64.ActiveCfg = Debug|x64
		{973D7E70-4CF0-43DA-953A-B8280BD1DEA9}.Debug|x64.Build.0 = Debug|x64
		{973D7E70-4CF0-43DA-953A-B8280BD1DEA9}.Debug|x86.ActiveCfg = Debug|Win32
		{973D7E70-4CF0-43DA-953A-B8280BD1DEA9}.Debug|x86.Build.0 = Debug|Win32
		{973D7E70-4CF0-43DA-953A-B8280BD1DEA9}.Release|x64.ActiveCfg = Release|x64
		{973D7E70-4CF0-43DA-953A-B8280BD1DEA9}.Release|x64.Build.0 = Release|x64
		{973D7E70-4CF0-43DA-953A-B8280BD1DEA9}.Release|x86.ActiveCfg = Release|Win32
		{973D7E70-4CF0-43DA-953A-B8280BD1DEA9}.Release|x86.Build.0 = Release|Win32
		{A489DBC5-6C3E-4DE8-8CD9-B9C905A94861}.Debug|x64.ActiveCfg = Debug|x64
		{A489DBC5-6C3E-4DE8-8CD9-B9C905A94861}.Debug|x64.Build.0 = Debug|x64
		{A489DBC5-6C3E-4DE8-8CD9-B9C905A94861}.Debug|x86.ActiveCfg = Debug|Win32
		{A489DBC5-6C3E-4DE8-8CD9-B9C905A94861}.Debug|x86.Build.0 = Debug|Win32
		{A489DBC5-6C3E-4DE8-8CD9-B9C905A94861}.Release|x64.ActiveCfg = Release|x64
		{A489DBC5-6C3E-4DE8-8CD9-B9C905A94861}.Release|x64.Build.0 = Release|x64
		{A489DBC5-6C3E-4DE8-8CD9-B9C905A94861}.Release|x86.ActiveCfg = Release|Win32
		{A489DBC5-6C3E-4DE8-8CD9-B9C905A94861}.Release|x86.Build.0 = Release|Win32
		{A60C28C0-176B-48B1-8D05-0ECE84746E80}.Debug|x64.ActiveCfg = Debug|x64
		{A60C28C0-176B-48B1-8D05-0ECE84746E80}.Debug|x64.Build.0 = Debug|x64
		{A60C28C0-176B-48B1-8D05-0ECE84746E80}.Debug|x86.ActiveCfg = Debug|Win32
		{A60C28C0-176B-48B1-8D05-0ECE84746E80}.Debug|x86.Build.0 = Debug|Win32
		{A60C28C0-176B-48B1-8D05-0ECE84746E80}.Release|x64.ActiveCfg = Release|x64
		{A60C28C0-176B-48B1-8D05-0ECE84746E80}.Release|x64.Build.0 = Release|x64
		{A60C28C0-176B-48B1-8D05-0ECE84746E80}.Release|x86.ActiveCfg = Release|Win32
		{A60C28C0-176B-48B1-8D05-0ECE84746E80}.Release|x86.Build.0 = Release|Win32
		{CAD9750A-D753-4082-A4D3-9591327935F4}.Debug|x64.ActiveCfg = Debug|x64
		{CAD9750A-D753-4082-A4D3-9591327935F4}.Debug|x64.Build.0 = Debug|x64
		{CAD9750A-D753-4082-A4D3-9591327935F4}.Debug|x86.ActiveCfg = Debug|Win32
		{CAD9750A-D753-4082-A4D3-9591327935F4}.Debug|x86.Build.0 = Debug|Win32
		{CAD9750A-D753-4082-A4D3-9591327935F4}.Release|x64.ActiveCfg = Release|x64
		{CAD9750A-D753-4082-A4D3-9591327935F4}.Release|x64.Build.0 = Release|x64
		{CAD9750A-D753-4082-A4D3-9591327935F4}.Release|x86.ActiveCfg = Release|Win32
		{CAD9750A-D753-4082-A4D3-9591327935F4}.Release|x86.Build.0 = Release|Win32
		{796CCCF6-80A5-4446-9387-C15B825269DB}.Debug|x64.ActiveCfg = Debug|x64
		{796CCCF6-80A5-4446-9387-C15B825269DB}.Debug|x64.Build.0 = Debug|x64
		{796CCCF6-80A5-4446-9387-C15B825269DB}.Debug|x86.ActiveCfg = Debug|Win32
		{796CCCF6-80A5-4446-9387-C15B825269DB}.Debug|x86.Build.0 = Debug|Win32
		{796CCCF6-80A5-4446-9387-C15B825269DB}.Release|x64.ActiveCfg = Release|x64
		{796CCCF6-80A5-4446-9387-C15B825269DB}.Release|x64.Build.0 = Release|x64
		{796CCCF6-80A5-4446-9387-C15B825269DB}.Release|x86.ActiveCfg = Release|Win32
		{796CCCF6-80A5-4446-9387-C15B825269DB}.Release|x86.Build.0 = Release|Win32
		{243703BB-EA5C-4738-B08C-0B273C015098}.Debug|x64.ActiveCfg = Debug|x64
		{243703BB-EA5C-4738-B08C-0B273C015098}.Debug|x64.Build.0 = Debug|x64
		{243703BB-EA5C-4738-B08C-0B273C015098}.Debug|x86.ActiveCfg = Debug|Win32
		{243703BB-EA5C-4738-B08C-0B273C015098}.Debug|x86.Build.0 = Debug|Win32
		{243703BB-EA5C-4738-B08C-0B273C015098}.Release|x64.ActiveCfg = Release|x64
		{243703BB-EA5C-4738-B08C-0B273C015098}.Release|x64.Build.0 = Release|x64
		{243703BB-EA5C-4738-B08C-0B273C015098}.Release|x86.ActiveCfg = Release|Win32
		{243703BB-EA5C-4738-B08C-0B273C015098}.Release|x86.Build.0 = Release|Win32
		{8E0DFD7C-6784-4D2E-B3C2-49013BFAC125}.Debug|x64.ActiveCfg = Debug|x64
		{8E0DFD7C-6784-4D2E-B3C2-49013BFAC125}.Debug|x64.Build.0 = Debug|x64
		{8E0DFD7C-6784-4D2E-B3C2-49013BFAC125}.Debug|x86.ActiveCfg = Debug|Win32
		{8E0DFD7C-6784-4D2E-B3C2-49013BFAC125}.Debug|x86.Build.0 = Debug|Win32
		{8E0DFD7C-6784-4D2E-B3C2-49013BFAC125}.Release|x64.ActiveCfg = Release|x64
		{8E0DFD7C-6784-4D2E-B3C2-49013BFAC125}.Release|x64.Build.0 = Release|x64
		{8E0DFD7C-6784-4D2E-B3C2-49013BFAC125}.Release|x86.ActiveCfg = Release|Win32
		{8E0DFD7C-6784-4D2E-B3C2-49013BFAC125}.Release|x86.Build.0 = Release|Win32
		{A405BAA0-7C51-4699-B231-3335B9985EAD}.Debug|x64.ActiveCfg = Debug|x64
		{A405BAA0-7C51-4699-B231-3335B9985EAD}.Debug|x64.Build.0 = Debug|x64
		{A405BAA0-7C51-4699-B231-3335B9985EAD}.Debug|x86.ActiveCfg = Debug|Win32
		{A405BAA0-7C51-4699-B231-3335B9985EAD}.Debug|x86.Build.0 = Debug|Win32
		{A405BAA0-7C51-4699-B231-3335B9985EAD}.Release|x64.ActiveCfg = Release|x64
		{A405BAA0-7C51-4699-B231-3335B9985EAD}.Release|x64.Build.0 = Release|x64
		{A405BAA0-7C51-4699-B231-3335B9985EAD}.Release|x86.ActiveCfg = Release|Win32
		{A405BAA0-7C51-4699-B231-3335B9985EAD}.Release|x86.Build.0 = Release|Win32
		{589755AE-0493-475E-A505-A2A11CC3084E}.Debug|x64.ActiveCfg = Debug|x64
		{589755AE-0493-475E-A505-A2A11CC3084E}.Debug|x64.Build.0 = Debug|x64
		{589755AE-0493-475E-A505-A2A11CC3084E}.Debug|x86.ActiveCfg = Debug|Win32
		{589755AE-0493-475E-A505-A2A11CC3084E}.Debug|x86.Build.0 = Debug|Win32
		{589755AE-0493-475E-A505-A2A11CC3084E}.Release|x64.ActiveCfg = Release|x64
		{589755AE-0493-475E-A505-A2A11CC3084E}.Release|x64.Build.0 = Release|x64
		{589755AE-0493-475E-A505-A2A11CC3084E}.Release|x86.ActiveCfg = Release|Win32
		{589755AE-0493-475E-A505-A2A11CC3084E}.Release|x86.Build.0 = Release|Win32
		{CC447CE3-0F5C-4F10-B625-FD4D30892B15}.Debug|x64.ActiveCfg = Debug|x64
		{CC447CE3-0F5C-4F10-B625-FD4D30892B15}.Debug|x64.Build.0 = Debug|x64
		{CC447CE3-0F5C-4F10-B625-FD4D30892B15}.Debug|x86.ActiveCfg = Debug|Win32
		{CC447CE3-0F5C-4F10-B625-FD4D30892B15}.Debug|x86.Build.0 = Debug|Win32
		{CC447CE3-0F5C-4F10-B625-FD4D30892B15}.Release|x64.ActiveCfg = Release|x64
		{CC447CE3-0F5C-4F10-B625-FD4D30892B15}.Release|x64.Build.0 = Release|x64
		{CC447CE3-0F5C-4F10-B625-FD4D30892B15}.Release|x86.ActiveCfg = Release|Win32
		{CC447CE3-0F5C-4F10-B625-FD4D30892B15}.Release|x86.Build.0 = Release|Win32
		{C9496D3E-4E18-4AB8-B0AA-C28D0FC84202}.Debug|x64.ActiveCfg = Debug|x64
		{C9496D3E-4E18-4AB8-B0AA-C28D0FC84202}.Debug|x64.Build.0 = Debug|x64
		{C9496D3E-4E18-4AB8-B0AA-C28D0FC84202}.Debug|x86.ActiveCfg = Debug|Win32
		{C9496D3E-4E18-4AB8-B0AA-C28D0FC84202}.Debug|x86.Build.0 = Debug|Win32
		{C9496D3E-4E18-4AB8-B0AA-C28D0FC84202}.Release|x64.ActiveCfg = Release|x64
		{C9496D3E-4E18-4AB8-B0AA-C28D0FC84202}.Release|x64.Build.0 = Release|x64
		{C9496D3E-4E18-4AB8-B0AA-C28D0FC84202}.Release|x86.ActiveCfg = Release|Win32
		{C9496D3E-4E18-4AB8-B0AA-C28D0FC84202}.Release|x86.Build.0 = Release|Win32
		{7ABE6B9C-992E-48FD-A2A8-06641AA860BA}.Debug|x64.ActiveCfg = Debug|x64
		{7ABE6B9C-992E-48FD-A2A8-06641AA860BA}.Debug|x64.Build.0 = Debug|x64
		{7ABE6B9C-992E-48FD-A2A8-06641AA860BA}.Debug|x86.ActiveCfg = Debug|Win32
		{7ABE6B9C-992E-48FD-A2A8-06641AA860BA}.Debug|x86.Build.0 = Debug|Win32
		{7ABE6B9C-992E-48FD-A2A8-06641AA860BA}.Release|x64.ActiveCfg = Release|x64
		{7ABE6B9C-992E-48FD-A2A8-06641AA860BA}.Release|x64.Build.0 = Release|x64
		{7ABE6B9C-992E-48FD-A2A8-06641AA860BA}.Release|x86.ActiveCfg = Release|Win32
		{7ABE6B9C-992E-48FD-A2A8-06641AA860BA}.Release|x86.Build.0 = Release|Win32
		{F8947007-581A-49A0-BD93-F9DB66CDD2F8}.Debug|x64.ActiveCfg = Debug|x64
		{F8947007-581A-49A0-BD93-F9DB66CDD2F8}.Debug|x64.Build.0 = Debug|x64
		{F8947007-581A-49A0-BD93-F9DB66CDD2F8}.Debug|x86.ActiveCfg = Debug|Win32
		{F8947007-581A-49A0-BD93-F9DB66CDD2F8}.Debug|x86.Build.0 = Debug|Win32
		{F8947007-581A-49A0-BD93-F9DB66CDD2F8}.Release|x64.ActiveCfg = Release|x64
		{F8947007-581A-49A0-BD93-F9DB66CDD2F8}.Release|x64.Build.0 = Release|x64
		{F8947007-581A-49A0-BD93-F9DB66CDD2F8}.Release|x86.ActiveCfg = Release|Win32
		{F8947007-581A-49A0-BD93-F9DB66CDD2F8}.Release|x86.Build.0 = Release|Win32
		{26C4D236-DF09-444A-B3FE-8B6DFBD36E11}.Debug|x64.ActiveCfg = Debug|x64
		{26C4D236-DF09-444A-B3FE-8B6DFBD36E11}.Debug|x64.Build.0 = Debug|x64
		{26C4D236-DF09-444A-B3FE-8B6DFBD36E11}.Debug|x86.ActiveCfg = Debug|Win32
		{26C4D236-DF09-444A-B3FE-8B6DFBD36E11}.Debug|x86.Build.0 = Debug|Win32
		{26C4D236-DF09-444A-B3FE-8B6DFBD36E11}.Release|x64.ActiveCfg = Release|x64
		{26C4D236-DF09-444A-B3FE-8B6DFBD36E11}.Release|x64.Build.0 = Release|x64
		{26C4D236-DF09-444A-B3FE-8B6DFBD36E11}.Release|x86.ActiveCfg = Release|Win32
		{26C4D236-DF09-444A-B3FE-8B6DFBD36E11}.Release|x86.Build.0 = Release|Win32
		{8122EDE9-93E0-413B-8CDB-5A67CA560274}.Debug|x64.ActiveCfg = Debug|x64
		{8122EDE9-93E0-413B-8CDB-5A67CA560274}.Debug|x64.Build.0 = Debug|x64
		{8122EDE9-93E0-413B-8CDB-5A67CA560274}.Debug|x86.ActiveCfg = Debug|Win32
		{8122EDE9-93E0-413B-8CDB-5A67CA560274}.Debug|x86.Build.0 = Debug|Win32
		{8122EDE9-93E0-413B-8CDB-5A67CA560274}.Release|x64.ActiveCfg = Release|x64
		{8122EDE9-93E0-413B-8CDB-5A67CA560274}.Release|x64.Build.0 = Release|x64
		{8122EDE9-93E0-413B-8CDB-5A67CA560274}.Release|x86.ActiveCfg = Release|Win32
		{8122EDE9-93E0-413B-8CDB-5A67CA560274}.Release|x86.Build.0 = Release|Win32
		{B68F429C-095B-4617-AE81-0462C98FC12B}.Debug|x64.ActiveCfg = Debug|x64
		{B68F429C-095B-4617-AE81-0462C98FC12B}.Debug|x64.Build.0 = Debug|x64
		{B68F429C-095B-4617-AE81-0462C98FC12B}.Debug|x86.ActiveCfg = Debug|Win32
		{B68F429C-095B-4617-AE81-0462C98FC12B}.Debug|x86.Build.0 = Debug|Win32
		{B68F429C-095B-4617-AE81-0462C98FC12B}.Release|x64.ActiveCfg = Release|x64
		{B68F429C-095B-4617-AE81-0462C98FC12B}.Release|x64.Build.0 = Release|x64
		{B68F429C-095B-4617-AE81-0462C98FC12B}.Release|x86.ActiveCfg = Release|Win32
		{B68F429C-095B-4617-AE81-0462C98FC12B}.Release|x86.Build.0 = Release|Win32
		{14C0952B-43BF-45BD-B97F-FF059E095678}.Debug|x64.ActiveCfg = Debug|x64
		{14C0952B-43BF-45BD-B97F-FF059E095678}.Debug|x64.Build.0 = Debug|x64
		{14C0952B-43BF-45BD-B97F-FF059E095678}.Debug|x86.ActiveCfg = Debug|Win32
		{14C0952B-43BF-45BD-B97F-FF059E095678}.Debug|x86.Build.0 = Debug|Win32
		{14C0952B-43BF-45BD-B97F-FF059E095678}.Release|x64.ActiveCfg = Release|x64
		{14C0952B-43BF-45BD-B97F-FF059E095678}.Release|x64.Build.0 = Release|x64
		{14C0952B-43BF-45BD-B97F-FF059E095678}.Release|x86.ActiveCfg = Release|Win32
		{14C0952B-43BF-45BD-B97F-FF059E095678}.Release|x86.Build.0 = Release|Win32
	EndGlobalSection
	GlobalSection(SolutionProperties) = preSolution
		HideSolutionNode = FALSE
	EndGlobalSection
	GlobalSection(ExtensibilityGlobals) = postSolution
		SolutionGuid = {380B1F91-F68C-4706-8641-0C868CCF85CC}
	EndGlobalSection
EndGlobal
