
Microsoft Visual Studio Solution File, Format Version 12.00
# Visual Studio Version 17
VisualStudioVersion = 17.7.34024.191
MinimumVisualStudioVersion = 10.0.40219.1
Project("{8BC9CEB8-8B4A-11D0-8D11-00A0C91BC942}") = "Evolucion de los beneficios", "Evolucion de los beneficios\Evolucion de los beneficios.vcxproj", "{7929B518-C044-4E53-9964-AC67742BE332}"
EndProject
Project("{8BC9CEB8-8B4A-11D0-8D11-00A0C91BC942}") = "Número de máximos", "Número de máximos\Número de máximos.vcxproj", "{EFB7ACFE-BC56-4DCE-ACF4-CEE93A32621E}"
EndProject
Project("{8BC9CEB8-8B4A-11D0-8D11-00A0C91BC942}") = "Última vez que", "Última vez que\Última vez que.vcxproj", "{DB900067-7055-4676-B09E-73F3036E9074}"
EndProject
Project("{8BC9CEB8-8B4A-11D0-8D11-00A0C91BC942}") = "Caminando voy", "Caminando voy\Caminando voy.vcxproj", "{30255D10-1098-47A6-AA2C-89503BE45624}"
EndProject
Project("{8BC9CEB8-8B4A-11D0-8D11-00A0C91BC942}") = "Rescate aéreo 1", "Rescate aéreo 1\Rescate aéreo 1.vcxproj", "{1D13640F-76E6-4976-A539-9068156A12F1}"
EndProject
Project("{8BC9CEB8-8B4A-11D0-8D11-00A0C91BC942}") = "Sensores defectuosos", "Sensores defectuosos\Sensores defectuosos.vcxproj", "{122EDF96-CD8B-434E-83CF-B785DE5E80D2}"
EndProject
Project("{8BC9CEB8-8B4A-11D0-8D11-00A0C91BC942}") = "Como van las encuestas", "Como van las encuestas\Como van las encuestas.vcxproj", "{E2FA4E0E-48C8-4EEA-B35F-1FEFBE5D5051}"
EndProject
Project("{8BC9CEB8-8B4A-11D0-8D11-00A0C91BC942}") = "Reserva de elefantes", "Reserva de elefantes\Reserva de elefantes.vcxproj", "{0EBAD0D4-81A8-494A-94AC-AD0C022CA5B9}"
EndProject
Project("{8BC9CEB8-8B4A-11D0-8D11-00A0C91BC942}") = "Un apartamento con vistas", "Un apartamento con vistas\Un apartamento con vistas.vcxproj", "{B1262ED2-D500-45FB-9916-E192612449CB}"
EndProject
Project("{8BC9CEB8-8B4A-11D0-8D11-00A0C91BC942}") = "Parejas de impares y pares", "Parejas de impares y pares\Parejas de impares y pares.vcxproj", "{71588A1A-ED6B-424C-A480-0D45825746EF}"
EndProject
Project("{8BC9CEB8-8B4A-11D0-8D11-00A0C91BC942}") = "Esta bien dividido el vector", "Esta bien dividido el vector\Esta bien dividido el vector.vcxproj", "{B31985FB-877B-4C2D-9353-4D15DA3F977F}"
EndProject
Project("{8BC9CEB8-8B4A-11D0-8D11-00A0C91BC942}") = "IT Ordinaria 2023", "IT Ordinaria 2023\IT Ordinaria 2023.vcxproj", "{FFFCC88B-62BC-47F6-9911-B42AE8D23AA2}"
EndProject
Project("{8BC9CEB8-8B4A-11D0-8D11-00A0C91BC942}") = "Viajes a Marte", "Viajes a Marte\Viajes a Marte.vcxproj", "{E92D0616-3DB6-4D8A-9367-630209814BC9}"
EndProject
Project("{8BC9CEB8-8B4A-11D0-8D11-00A0C91BC942}") = "Un móvil nuevo", "Un móvil nuevo\Un móvil nuevo.vcxproj", "{AD3CBC85-F897-4B11-B0EE-9D9CC41C9DBF}"
EndProject
Project("{8BC9CEB8-8B4A-11D0-8D11-00A0C91BC942}") = "Un movil nuevo. Ampliamos el catalogo", "Un movil nuevo. Ampliamos el catalogo\Un movil nuevo. Ampliamos el catalogo.vcxproj", "{371D1CBB-ECAC-42A2-9062-75DC41E464B7}"
EndProject
Project("{8BC9CEB8-8B4A-11D0-8D11-00A0C91BC942}") = "Juego de dados", "Juego de dados\Juego de dados.vcxproj", "{3788548C-F55B-487A-BB00-33AB124814A2}"
EndProject
Project("{8BC9CEB8-8B4A-11D0-8D11-00A0C91BC942}") = "FAL-IT-SegmentoConsecutivos-4", "FAL-IT-SegmentoConsecutivos-4\FAL-IT-SegmentoConsecutivos-4.vcxproj", "{7537421E-9389-44D9-8136-97D87A001806}"
EndProject
Project("{8BC9CEB8-8B4A-11D0-8D11-00A0C91BC942}") = "FAL-IT-KEmparejados-1", "FAL-IT-KEmparejados-1\FAL-IT-KEmparejados-1.vcxproj", "{859BD45E-93E5-450C-9E0F-8EC8DEF5C867}"
EndProject
Project("{8BC9CEB8-8B4A-11D0-8D11-00A0C91BC942}") = "FAL-IT-DivertidoPorLosPelos-1", "FAL-IT-DivertidoPorLosPelos-1\FAL-IT-DivertidoPorLosPelos-1.vcxproj", "{D1FA1A64-4A35-45F8-BB54-29840FB7555D}"
EndProject
Project("{8BC9CEB8-8B4A-11D0-8D11-00A0C91BC942}") = "FAL-IT-VueltaAlMundo-3", "FAL-IT-VueltaAlMundo-3\FAL-IT-VueltaAlMundo-3.vcxproj", "{AC206DA5-CD4A-4C0A-A862-31B9CA37CD52}"
EndProject
Project("{8BC9CEB8-8B4A-11D0-8D11-00A0C91BC942}") = "FAL-IT-AterrizajeEmergencia-3", "FAL-IT-AterrizajeEmergencia-3\FAL-IT-AterrizajeEmergencia-3.vcxproj", "{7457BDDC-F9C4-482F-BCB4-0B67A8591A51}"
EndProject
Project("{8BC9CEB8-8B4A-11D0-8D11-00A0C91BC942}") = "FAL-IT-CintasColores-3", "FAL-IT-CintasColores-3\FAL-IT-CintasColores-3.vcxproj", "{0F7941EF-954C-4966-9F79-164BD12BB25D}"
EndProject
Project("{8BC9CEB8-8B4A-11D0-8D11-00A0C91BC942}") = "FAL-IT-Heidi-3", "FAL-IT-Heidi-3\FAL-IT-Heidi-3.vcxproj", "{F384A6A3-0E8B-4B8A-BF53-04E6DB54CE61}"
EndProject
Project("{8BC9CEB8-8B4A-11D0-8D11-00A0C91BC942}") = "FAL-IT-ReleyendoLibroSinPreferida-3", "FAL-IT-ReleyendoLibroSinPreferida-3\FAL-IT-ReleyendoLibroSinPreferida-3.vcxproj", "{D5A53D06-FE65-4204-BCFF-166FFEDBD7E6}"
EndProject
Project("{8BC9CEB8-8B4A-11D0-8D11-00A0C91BC942}") = "FAL-IT-ReleyendoLibroConPreferida-3", "FAL-IT-ReleyendoLibroConPreferida-3\FAL-IT-ReleyendoLibroConPreferida-3.vcxproj", "{C9A96AF2-3E05-4CF3-8071-76A6B5D3E973}"
EndProject
Project("{8BC9CEB8-8B4A-11D0-8D11-00A0C91BC942}") = "FAL-IT-EFDG-ENE25", "FAL-IT-EFDG-ENE25\FAL-IT-EFDG-ENE25.vcxproj", "{D28FCFCA-2BBF-4838-A7F9-DB94595861F8}"
EndProject
Project("{8BC9CEB8-8B4A-11D0-8D11-00A0C91BC942}") = "FAL-REC-AlgoritmoEuclides-3", "FAL-REC-AlgoritmoEuclides-3\FAL-REC-AlgoritmoEuclides-3.vcxproj", "{58605C27-60BC-425A-A460-A9049A5B7EF2}"
EndProject
Project("{8BC9CEB8-8B4A-11D0-8D11-00A0C91BC942}") = "FAL-NUM-DecimalBinario-3", "FAL-NUM-DecimalBinario-3\FAL-NUM-DecimalBinario-3.vcxproj", "{09465891-D6D0-4295-9E57-5EE4FB317362}"
EndProject
Project("{8BC9CEB8-8B4A-11D0-8D11-00A0C91BC942}") = "FAL-NUM-InvertirNumero-3", "FAL-NUM-InvertirNumero-3\FAL-NUM-InvertirNumero-3.vcxproj", "{8F5AC863-CB41-44CD-A90F-02D2F172276A}"
EndProject
Project("{8BC9CEB8-8B4A-11D0-8D11-00A0C91BC942}") = "FAL-DYV-LuckyLuke-3", "FAL-DYV-LuckyLuke-3\FAL-DYV-LuckyLuke-3.vcxproj", "{EF7BC816-44DC-4776-9601-14D925456421}"
EndProject
Project("{8BC9CEB8-8B4A-11D0-8D11-00A0C91BC942}") = "FAL-NUM-SumarDigitos-3", "FAL-NUM-SumarDigitos-3\FAL-NUM-SumarDigitos-3.vcxproj", "{973D7E70-4CF0-43DA-953A-B8280BD1DEA9}"
EndProject
Project("{8BC9CEB8-8B4A-11D0-8D11-00A0C91BC942}") = "FAL-NUM-JugandoDigitos-3", "FAL-NUM-JugandoDigitos-3\FAL-NUM-JugandoDigitos-3.vcxproj", "{A489DBC5-6C3E-4DE8-8CD9-B9C905A94861}"
EndProject
Project("{8BC9CEB8-8B4A-11D0-8D11-00A0C91BC942}") = "FAL-NUM-DigitosComplementarios-4", "FAL-NUM-DigitosComplementarios-4\FAL-NUM-DigitosComplementarios-4.vcxproj", "{A60C28C0-176B-48B1-8D05-0ECE84746E80}"
EndProject
Project("{8BC9CEB8-8B4A-11D0-8D11-00A0C91BC942}") = "FAL-NUM-SumDivisible-1", "FAL-NUM-SumDivisible-1\FAL-NUM-SumDivisible-1.vcxproj", "{CAD9750A-D753-4082-A4D3-9591327935F4}"
EndProject
Project("{8BC9CEB8-8B4A-11D0-8D11-00A0C91BC942}") = "FAL-NUM-CodificarNumero-4", "FAL-NUM-CodificarNumero-4\FAL-NUM-CodificarNumero-4.vcxproj", "{796CCCF6-80A5-4446-9387-C15B825269DB}"
EndProject
Project("{8BC9CEB8-8B4A-11D0-8D11-00A0C91BC942}") = "FAL-NUM-DigitoMultiplicativo-4", "FAL-NUM-DigitoMultiplicativo-4\FAL-NUM-DigitoMultiplicativo-4.vcxproj", "{243703BB-EA5C-4738-B08C-0B273C015098}"
EndProject
Project("{8BC9CEB8-8B4A-11D0-8D11-00A0C91BC942}") = "FAL-NUM-DigitosDecrecientesFinal-3", "FAL-NUM-DigitosDecrecientesFinal-3\FAL-NUM-DigitosDecrecientesFinal-3.vcxproj", "{8E0DFD7C-6784-4D2E-B3C2-49013BFAC125}"
EndProject
Project("{8BC9CEB8-8B4A-11D0-8D11-00A0C91BC942}") = "FAL-NUM-DigitosDecrecientesFinalYNoFinal-3", "FAL-NUM-DigitosDecrecientesFinalYNoFinal-3\FAL-NUM-DigitosDecrecientesFinalYNoFinal-3.vcxproj", "{A405BAA0-7C51-4699-B231-3335B9985EAD}"
EndProject
Project("{8BC9CEB8-8B4A-11D0-8D11-00A0C91BC942}") = "FAL-DYV-MinimoVectorRotado-3", "FAL-DYV-MinimoVectorRotado-3\FAL-DYV-MinimoVectorRotado-3.vcxproj", "{589755AE-0493-475E-A505-A2A11CC3084E}"
EndProject
Project("{8BC9CEB8-8B4A-11D0-8D11-00A0C91BC942}") = "FAL-DYV-FugaPrision-3", "FAL-DYV-FugaPrision-3\FAL-DYV-FugaPrision-3.vcxproj", "{CC447CE3-0F5C-4F10-B625-FD4D30892B15}"
EndProject
Project("{8BC9CEB8-8B4A-11D0-8D11-00A0C91BC942}") = "FAL-DYV-Bongo-3", "FAL-DYV-Bongo-3\FAL-DYV-Bongo-3.vcxproj", "{C9496D3E-4E18-4AB8-B0AA-C28D0FC84202}"
EndProject
Project("{8BC9CEB8-8B4A-11D0-8D11-00A0C91BC942}") = "FAL-DYV-ParcialmenteOrdenado-3", "FAL-DYV-ParcialmenteOrdenado-3\FAL-DYV-ParcialmenteOrdenado-3.vcxproj", "{7ABE6B9C-992E-48FD-A2A8-06641AA860BA}"
EndProject
Project("{8BC9CEB8-8B4A-11D0-8D11-00A0C91BC942}") = "FAL-DYV-ExposicionArte-1", "FAL-DYV-ExposicionArte-1\FAL-DYV-ExposicionArte-1.vcxproj", "{F8947007-581A-49A0-BD93-F9DB66CDD2F8}"
EndProject
Project("{8BC9CEB8-8B4A-11D0-8D11-00A0C91BC942}") = "FAL-DYV-NumeroExtranyo-4", "FAL-DYV-NumeroExtranyo-4\FAL-DYV-NumeroExtranyo-4.vcxproj", "{26C4D236-DF09-444A-B3FE-8B6DFBD36E11}"
EndProject
Project("{8BC9CEB8-8B4A-11D0-8D11-00A0C91BC942}") = "FAL-DYV-SuficientementeDisperso-3", "FAL-DYV-SuficientementeDisperso-3\FAL-DYV-SuficientementeDisperso-3.vcxproj", "{8122EDE9-93E0-413B-8CDB-5A67CA560274}"
EndProject
Project("{8BC9CEB8-8B4A-11D0-8D11-00A0C91BC942}") = "FAL-DYV-Quebrada-3", "FAL-DYV-Quebrada-3\FAL-DYV-Quebrada-3.vcxproj", "{B68F429C-095B-4617-AE81-0462C98FC12B}"
EndProject
Project("{8BC9CEB8-8B4A-11D0-8D11-00A0C91BC942}") = "FAL-DYV-BattleStarGalactica-3", "FAL-DYV-BattleStarGalactica-3\FAL-DYV-BattleStarGalactica-3.vcxproj", "{14C0952B-43BF-45BD-B97F-FF059E095678}"
EndProject
Project("{8BC9CEB8-8B4A-11D0-8D11-00A0C91BC942}") = "FAL-DYV-Caucasicos-3", "FAL-DYV-Caucasicos-3\FAL-DYV-Caucasicos-3.vcxproj", "{6FC783D6-9113-43CB-B86B-848FF948B357}"
EndProject
Project("{8BC9CEB8-8B4A-11D0-8D11-00A0C91BC942}") = "FAL-DYV-ViajandoAbuelo-1", "FAL-DYV-ViajandoAbuelo-1\FAL-DYV-ViajandoAbuelo-1.vcxproj", "{62939967-3A55-46AD-9BBA-19897EC92025}"
EndProject
Project("{8BC9CEB8-8B4A-11D0-8D11-00A0C91BC942}") = "FAL-DYV-Mayoritario-3", "FAL-DYV-Mayoritario-3\FAL-DYV-Mayoritario-3.vcxproj", "{CAFCA717-2C1F-495F-9F04-5911260758BF}"
EndProject
Project("{8BC9CEB8-8B4A-11D0-8D11-00A0C91BC942}") = "FAL-DYV-EscalonMasLargoDYV-9", "FAL-DYV-EscalonMasLargoDYV-9\FAL-DYV-EscalonMasLargoDYV-9.vcxproj", "{0E97393E-5B12-4873-8D75-B22F97341C82}"
EndProject
Project("{8BC9CEB8-8B4A-11D0-8D11-00A0C91BC942}") = "FAL-VA-Ordinaria2017", "FAL-VA-Ordinaria2017\FAL-VA-Ordinaria2017.vcxproj", "{D4C1BD50-8AD9-4E14-A7C7-08013081A0F8}"
EndProject
Project("{8BC9CEB8-8B4A-11D0-8D11-00A0C91BC942}") = "FAL-VA-Playas", "FAL-VA-Playas\FAL-VA-Playas.vcxproj", "{42C5A149-8C22-4C2E-A94D-2B4D047A7512}"
EndProject
Project("{8BC9CEB8-8B4A-11D0-8D11-00A0C91BC942}") = "FAL-VA-PapaNoelSimplificado-3", "FAL-VA-PapaNoelSimplificado-3\FAL-VA-PapaNoelSimplificado-3.vcxproj", "{22D13247-1C34-42FF-BD64-17B19D7663BF}"
EndProject
Project("{8BC9CEB8-8B4A-11D0-8D11-00A0C91BC942}") = "FAL-VA-Escalera", "FAL-VA-Escalera\FAL-VA-Escalera.vcxproj", "{2C0B0C2F-F0A4-442D-A0D4-64232848BDE8}"
EndProject
Project("{8BC9CEB8-8B4A-11D0-8D11-00A0C91BC942}") = "FAL-VA-AdornosNavidad", "FAL-VA-AdornosNavidad\FAL-VA-AdornosNavidad.vcxproj", "{0369EB6D-1B65-4340-80C0-DF40569F58D8}"
EndProject
Project("{8BC9CEB8-8B4A-11D0-8D11-00A0C91BC942}") = "FAL-VA-Viajante", "FAL-VA-Viajante\FAL-VA-Viajante.vcxproj", "{D1F385DB-AF2D-4E6A-871B-64AC135EC7D1}"
EndProject
Project("{8BC9CEB8-8B4A-11D0-8D11-00A0C91BC942}") = "FAL-REC-PaquetesConsecutivos", "FAL-REC-PaquetesConsecutivos\FAL-REC-PaquetesConsecutivos.vcxproj", "{8238DC93-6C64-454C-B3FA-C096F50813C7}"
EndProject
Project("{8BC9CEB8-8B4A-11D0-8D11-00A0C91BC942}") = "FAL-REC-BusquedaBinaria", "FAL-REC-BusquedaBinaria\FAL-REC-BusquedaBinaria.vcxproj", "{E454CF0C-6EF8-4BF8-8ACD-4819387CA050}"
EndProject
Project("{8BC9CEB8-8B4A-11D0-8D11-00A0C91BC942}") = "FAL-IT-ProxBeneficioFruteria", "FAL-IT-ProxBeneficioFruteria\FAL-IT-ProxBeneficioFruteria.vcxproj", "{EB4A6AB4-02D8-4240-ACB3-D90BEBCE704D}"
EndProject
Project("{8BC9CEB8-8B4A-11D0-8D11-00A0C91BC942}") = "FAL-IT-SegmentosSumaSuficiente", "FAL-IT-SegmentosSumaSuficiente\FAL-IT-SegmentosSumaSuficiente.vcxproj", "{EF8E7617-5421-4D00-9135-1BD2DDDE1C11}"
EndProject
Project("{8BC9CEB8-8B4A-11D0-8D11-00A0C91BC942}") = "FAL-IT-ReorganizacionConParticion", "FAL-IT-ReorganizacionConParticion\FAL-IT-ReorganizacionConParticion.vcxproj", "{6E65E02F-3AAB-4EF0-8D62-E0786AD88034}"
EndProject
Project("{8BC9CEB8-8B4A-11D0-8D11-00A0C91BC942}") = "FAL-IT-SecuenciasADN", "FAL-IT-SecuenciasADN\FAL-IT-SecuenciasADN.vcxproj", "{8D82CF24-970D-4223-AAEC-415E42ADED38}"
EndProject
Project("{8BC9CEB8-8B4A-11D0-8D11-00A0C91BC942}") = "FAL-DYV-LaSecuenciaEbscondida", "FAL-DYV-LaSecuenciaEbscondida\FAL-DYV-LaSecuenciaEbscondida.vcxproj", "{2639EC84-84D7-4D8C-810A-1295B6C1DFD6}"
EndProject
Project("{8BC9CEB8-8B4A-11D0-8D11-00A0C91BC942}") = "FAL-DYV-OrdenandoConMergeSort", "FAL-DYV-OrdenandoConMergeSort\FAL-DYV-OrdenandoConMergeSort.vcxproj", "{54D3A382-6590-4D2F-B446-42B37CDED304}"
EndProject
Project("{8BC9CEB8-8B4A-11D0-8D11-00A0C91BC942}") = "FAL-DYV-QuickSortOrdenandoPalabras", "FAL-DYV-QuickSortOrdenandoPalabras\FAL-DYV-QuickSortOrdenandoPalabras.vcxproj", "{23910747-6971-402C-A125-9BF588FA4904}"
EndProject
Project("{8BC9CEB8-8B4A-11D0-8D11-00A0C91BC942}") = "FAL-DYV-CruzarElRio", "FAL-DYV-CruzarElRio\FAL-DYV-CruzarElRio.vcxproj", "{BBB7C54A-46E3-4BFA-9927-4710D052E436}"
EndProject
Project("{8BC9CEB8-8B4A-11D0-8D11-00A0C91BC942}") = "FAL-VA-GeneracionDeCombinaciones", "FAL-VA-GeneracionDeCombinaciones\FAL-VA-GeneracionDeCombinaciones.vcxproj", "{50FFDEBF-9CC6-4011-989D-027E5FEF6139}"
EndProject
Project("{8BC9CEB8-8B4A-11D0-8D11-00A0C91BC942}") = "FAL-VA-PasarelaNeptuno", "FAL-VA-PasarelaNeptuno\FAL-VA-PasarelaNeptuno.vcxproj", "{4F2117F6-2E50-4154-811B-6D916D031A24}"
EndProject
Project("{8BC9CEB8-8B4A-11D0-8D11-00A0C91BC942}") = "FAL-IT-Junio2024NoMasDeDos", "FAL-IT-Junio2024NoMasDeDos\FAL-IT-Junio2024NoMasDeDos.vcxproj", "{DDC00CDB-4C15-4A03-AC65-8EC1775377DE}"
EndProject
Project("{8BC9CEB8-8B4A-11D0-8D11-00A0C91BC942}") = "FAL-DYV-Junio24EscalerasDeDoraemon", "FAL-DYV-Junio24EscalerasDeDoraemon\FAL-DYV-Junio24EscalerasDeDoraemon.vcxproj", "{AA27EBA8-58B8-4FDC-ABE6-40A1B1D99225}"
EndProject
Project("{8BC9CEB8-8B4A-11D0-8D11-00A0C91BC942}") = "FAL-VA-Junio24BrigadasAntiIncendios", "FAL-VA-Junio24BrigadasAntiIncendios\FAL-VA-Junio24BrigadasAntiIncendios.vcxproj", "{E9CA54ED-882B-4D3A-ACD0-2D704605D0B2}"
EndProject
Project("{8BC9CEB8-8B4A-11D0-8D11-00A0C91BC942}") = "FAL-IT-Enero23CerosVsUnos", "FAL-IT-Enero23CerosVsUnos\FAL-IT-Enero23CerosVsUnos.vcxproj", "{94C1A522-AD30-4908-BA7E-5A72B55CAF7A}"
EndProject
Project("{8BC9CEB8-8B4A-11D0-8D11-00A0C91BC942}") = "FAL-REC-Enero23CodigoSeguro", "FAL-REC-Enero23CodigoSeguro\FAL-REC-Enero23CodigoSeguro.vcxproj", "{074D96DD-232C-417F-90E5-04C83AB31B58}"
EndProject
Project("{8BC9CEB8-8B4A-11D0-8D11-00A0C91BC942}") = "FAL-VA-Enero23AsignacionOptima", "FAL-VA-Enero23AsignacionOptima\FAL-VA-Enero23AsignacionOptima.vcxproj", "{B42E03BA-B23A-4EB9-A055-F004FEB1E51D}"
EndProject
Project("{8BC9CEB8-8B4A-11D0-8D11-00A0C91BC942}") = "FAL-IT-Junio23SecuenciaMinimalista", "FAL-IT-Junio23SecuenciaMinimalista\FAL-IT-Junio23SecuenciaMinimalista.vcxproj", "{490F7572-8692-41BF-89DF-38A510C003BE}"
EndProject
Project("{8BC9CEB8-8B4A-11D0-8D11-00A0C91BC942}") = "FAL-REC-Junio23SecuenciaHiperminimalista", "FAL-REC-Junio23SecuenciaHiperminimalista\FAL-REC-Junio23SecuenciaHiperminimalista.vcxproj", "{FB575074-5FD8-4A24-A0F4-2EA6F8EEC28C}"
EndProject
Project("{8BC9CEB8-8B4A-11D0-8D11-00A0C91BC942}") = "FAL-VA-Junio23ConteoMinimalista", "FAL-VA-Junio23ConteoMinimalista\FAL-VA-Junio23ConteoMinimalista.vcxproj", "{F7D3C1EE-B9D8-45DF-A7B7-107F31C5480C}"
EndProject
Project("{8BC9CEB8-8B4A-11D0-8D11-00A0C91BC942}") = "FAL-IT-Enero24SegmentosIguales", "FAL-IT-Enero24SegmentosIguales\FAL-IT-Enero24SegmentosIguales.vcxproj", "{112A7C8D-F488-4A1B-81B3-C08D6B7FED89}"
EndProject
Project("{8BC9CEB8-8B4A-11D0-8D11-00A0C91BC942}") = "FAL-REC-Enero24DiferenciaMaximaEnPicudos", "FAL-REC-Enero24DiferenciaMaximaEnPicudos\FAL-REC-Enero24DiferenciaMaximaEnPicudos.vcxproj", "{B67C186F-A7F2-4507-845E-157B3B8C7F66}"
EndProject
Project("{8BC9CEB8-8B4A-11D0-8D11-00A0C91BC942}") = "FAL-VA-Enero24AsignaturasYCreditos", "FAL-VA-Enero24AsignaturasYCreditos\FAL-VA-Enero24AsignaturasYCreditos.vcxproj", "{4561CCC2-6A21-4611-9998-C6344973DAE6}"
EndProject
Project("{8BC9CEB8-8B4A-11D0-8D11-00A0C91BC942}") = "FAL-VA-EVAL-EConvite", "FAL-VA-EVAL-EConvite\FAL-VA-EVAL-EConvite.vcxproj", "{CC652168-209E-44C2-9CB1-DEDD537A550C}"
EndProject
Global
	GlobalSection(SolutionConfigurationPlatforms) = preSolution
		Debug|x64 = Debug|x64
		Debug|x86 = Debug|x86
		Release|x64 = Release|x64
		Release|x86 = Release|x86
	EndGlobalSection
	GlobalSection(ProjectConfigurationPlatforms) = postSolution
		{7929B518-C044-4E53-9964-AC67742BE332}.Debug|x64.ActiveCfg = Debug|x64
		{7929B518-C044-4E53-9964-AC67742BE332}.Debug|x64.Build.0 = Debug|x64
		{7929B518-C044-4E53-9964-AC67742BE332}.Debug|x86.ActiveCfg = Debug|Win32
		{7929B518-C044-4E53-9964-AC67742BE332}.Debug|x86.Build.0 = Debug|Win32
		{7929B518-C044-4E53-9964-AC67742BE332}.Release|x64.ActiveCfg = Release|x64
		{7929B518-C044-4E53-9964-AC67742BE332}.Release|x64.Build.0 = Release|x64
		{7929B518-C044-4E53-9964-AC67742BE332}.Release|x86.ActiveCfg = Release|Win32
		{7929B518-C044-4E53-9964-AC67742BE332}.Release|x86.Build.0 = Release|Win32
		{EFB7ACFE-BC56-4DCE-ACF4-CEE93A32621E}.Debug|x64.ActiveCfg = Debug|x64
		{EFB7ACFE-BC56-4DCE-ACF4-CEE93A32621E}.Debug|x64.Build.0 = Debug|x64
		{EFB7ACFE-BC56-4DCE-ACF4-CEE93A32621E}.Debug|x86.ActiveCfg = Debug|Win32
		{EFB7ACFE-BC56-4DCE-ACF4-CEE93A32621E}.Debug|x86.Build.0 = Debug|Win32
		{EFB7ACFE-BC56-4DCE-ACF4-CEE93A32621E}.Release|x64.ActiveCfg = Release|x64
		{EFB7ACFE-BC56-4DCE-ACF4-CEE93A32621E}.Release|x64.Build.0 = Release|x64
		{EFB7ACFE-BC56-4DCE-ACF4-CEE93A32621E}.Release|x86.ActiveCfg = Release|Win32
		{EFB7ACFE-BC56-4DCE-ACF4-CEE93A32621E}.Release|x86.Build.0 = Release|Win32
		{DB900067-7055-4676-B09E-73F3036E9074}.Debug|x64.ActiveCfg = Debug|x64
		{DB900067-7055-4676-B09E-73F3036E9074}.Debug|x64.Build.0 = Debug|x64
		{DB900067-7055-4676-B09E-73F3036E9074}.Debug|x86.ActiveCfg = Debug|Win32
		{DB900067-7055-4676-B09E-73F3036E9074}.Debug|x86.Build.0 = Debug|Win32
		{DB900067-7055-4676-B09E-73F3036E9074}.Release|x64.ActiveCfg = Release|x64
		{DB900067-7055-4676-B09E-73F3036E9074}.Release|x64.Build.0 = Release|x64
		{DB900067-7055-4676-B09E-73F3036E9074}.Release|x86.ActiveCfg = Release|Win32
		{DB900067-7055-4676-B09E-73F3036E9074}.Release|x86.Build.0 = Release|Win32
		{30255D10-1098-47A6-AA2C-89503BE45624}.Debug|x64.ActiveCfg = Debug|x64
		{30255D10-1098-47A6-AA2C-89503BE45624}.Debug|x64.Build.0 = Debug|x64
		{30255D10-1098-47A6-AA2C-89503BE45624}.Debug|x86.ActiveCfg = Debug|Win32
		{30255D10-1098-47A6-AA2C-89503BE45624}.Debug|x86.Build.0 = Debug|Win32
		{30255D10-1098-47A6-AA2C-89503BE45624}.Release|x64.ActiveCfg = Release|x64
		{30255D10-1098-47A6-AA2C-89503BE45624}.Release|x64.Build.0 = Release|x64
		{30255D10-1098-47A6-AA2C-89503BE45624}.Release|x86.ActiveCfg = Release|Win32
		{30255D10-1098-47A6-AA2C-89503BE45624}.Release|x86.Build.0 = Release|Win32
		{1D13640F-76E6-4976-A539-9068156A12F1}.Debug|x64.ActiveCfg = Debug|x64
		{1D13640F-76E6-4976-A539-9068156A12F1}.Debug|x64.Build.0 = Debug|x64
		{1D13640F-76E6-4976-A539-9068156A12F1}.Debug|x86.ActiveCfg = Debug|Win32
		{1D13640F-76E6-4976-A539-9068156A12F1}.Debug|x86.Build.0 = Debug|Win32
		{1D13640F-76E6-4976-A539-9068156A12F1}.Release|x64.ActiveCfg = Release|x64
		{1D13640F-76E6-4976-A539-9068156A12F1}.Release|x64.Build.0 = Release|x64
		{1D13640F-76E6-4976-A539-9068156A12F1}.Release|x86.ActiveCfg = Release|Win32
		{1D13640F-76E6-4976-A539-9068156A12F1}.Release|x86.Build.0 = Release|Win32
		{122EDF96-CD8B-434E-83CF-B785DE5E80D2}.Debug|x64.ActiveCfg = Debug|x64
		{122EDF96-CD8B-434E-83CF-B785DE5E80D2}.Debug|x64.Build.0 = Debug|x64
		{122EDF96-CD8B-434E-83CF-B785DE5E80D2}.Debug|x86.ActiveCfg = Debug|Win32
		{122EDF96-CD8B-434E-83CF-B785DE5E80D2}.Debug|x86.Build.0 = Debug|Win32
		{122EDF96-CD8B-434E-83CF-B785DE5E80D2}.Release|x64.ActiveCfg = Release|x64
		{122EDF96-CD8B-434E-83CF-B785DE5E80D2}.Release|x64.Build.0 = Release|x64
		{122EDF96-CD8B-434E-83CF-B785DE5E80D2}.Release|x86.ActiveCfg = Release|Win32
		{122EDF96-CD8B-434E-83CF-B785DE5E80D2}.Release|x86.Build.0 = Release|Win32
		{E2FA4E0E-48C8-4EEA-B35F-1FEFBE5D5051}.Debug|x64.ActiveCfg = Debug|x64
		{E2FA4E0E-48C8-4EEA-B35F-1FEFBE5D5051}.Debug|x64.Build.0 = Debug|x64
		{E2FA4E0E-48C8-4EEA-B35F-1FEFBE5D5051}.Debug|x86.ActiveCfg = Debug|Win32
		{E2FA4E0E-48C8-4EEA-B35F-1FEFBE5D5051}.Debug|x86.Build.0 = Debug|Win32
		{E2FA4E0E-48C8-4EEA-B35F-1FEFBE5D5051}.Release|x64.ActiveCfg = Release|x64
		{E2FA4E0E-48C8-4EEA-B35F-1FEFBE5D5051}.Release|x64.Build.0 = Release|x64
		{E2FA4E0E-48C8-4EEA-B35F-1FEFBE5D5051}.Release|x86.ActiveCfg = Release|Win32
		{E2FA4E0E-48C8-4EEA-B35F-1FEFBE5D5051}.Release|x86.Build.0 = Release|Win32
		{0EBAD0D4-81A8-494A-94AC-AD0C022CA5B9}.Debug|x64.ActiveCfg = Debug|x64
		{0EBAD0D4-81A8-494A-94AC-AD0C022CA5B9}.Debug|x64.Build.0 = Debug|x64
		{0EBAD0D4-81A8-494A-94AC-AD0C022CA5B9}.Debug|x86.ActiveCfg = Debug|Win32
		{0EBAD0D4-81A8-494A-94AC-AD0C022CA5B9}.Debug|x86.Build.0 = Debug|Win32
		{0EBAD0D4-81A8-494A-94AC-AD0C022CA5B9}.Release|x64.ActiveCfg = Release|x64
		{0EBAD0D4-81A8-494A-94AC-AD0C022CA5B9}.Release|x64.Build.0 = Release|x64
		{0EBAD0D4-81A8-494A-94AC-AD0C022CA5B9}.Release|x86.ActiveCfg = Release|Win32
		{0EBAD0D4-81A8-494A-94AC-AD0C022CA5B9}.Release|x86.Build.0 = Release|Win32
		{B1262ED2-D500-45FB-9916-E192612449CB}.Debug|x64.ActiveCfg = Debug|x64
		{B1262ED2-D500-45FB-9916-E192612449CB}.Debug|x64.Build.0 = Debug|x64
		{B1262ED2-D500-45FB-9916-E192612449CB}.Debug|x86.ActiveCfg = Debug|Win32
		{B1262ED2-D500-45FB-9916-E192612449CB}.Debug|x86.Build.0 = Debug|Win32
		{B1262ED2-D500-45FB-9916-E192612449CB}.Release|x64.ActiveCfg = Release|x64
		{B1262ED2-D500-45FB-9916-E192612449CB}.Release|x64.Build.0 = Release|x64
		{B1262ED2-D500-45FB-9916-E192612449CB}.Release|x86.ActiveCfg = Release|Win32
		{B1262ED2-D500-45FB-9916-E192612449CB}.Release|x86.Build.0 = Release|Win32
		{71588A1A-ED6B-424C-A480-0D45825746EF}.Debug|x64.ActiveCfg = Debug|x64
		{71588A1A-ED6B-424C-A480-0D45825746EF}.Debug|x64.Build.0 = Debug|x64
		{71588A1A-ED6B-424C-A480-0D45825746EF}.Debug|x86.ActiveCfg = Debug|Win32
		{71588A1A-ED6B-424C-A480-0D45825746EF}.Debug|x86.Build.0 = Debug|Win32
		{71588A1A-ED6B-424C-A480-0D45825746EF}.Release|x64.ActiveCfg = Release|x64
		{71588A1A-ED6B-424C-A480-0D45825746EF}.Release|x64.Build.0 = Release|x64
		{71588A1A-ED6B-424C-A480-0D45825746EF}.Release|x86.ActiveCfg = Release|Win32
		{71588A1A-ED6B-424C-A480-0D45825746EF}.Release|x86.Build.0 = Release|Win32
		{B31985FB-877B-4C2D-9353-4D15DA3F977F}.Debug|x64.ActiveCfg = Debug|x64
		{B31985FB-877B-4C2D-9353-4D15DA3F977F}.Debug|x64.Build.0 = Debug|x64
		{B31985FB-877B-4C2D-9353-4D15DA3F977F}.Debug|x86.ActiveCfg = Debug|Win32
		{B31985FB-877B-4C2D-9353-4D15DA3F977F}.Debug|x86.Build.0 = Debug|Win32
		{B31985FB-877B-4C2D-9353-4D15DA3F977F}.Release|x64.ActiveCfg = Release|x64
		{B31985FB-877B-4C2D-9353-4D15DA3F977F}.Release|x64.Build.0 = Release|x64
		{B31985FB-877B-4C2D-9353-4D15DA3F977F}.Release|x86.ActiveCfg = Release|Win32
		{B31985FB-877B-4C2D-9353-4D15DA3F977F}.Release|x86.Build.0 = Release|Win32
		{FFFCC88B-62BC-47F6-9911-B42AE8D23AA2}.Debug|x64.ActiveCfg = Debug|x64
		{FFFCC88B-62BC-47F6-9911-B42AE8D23AA2}.Debug|x64.Build.0 = Debug|x64
		{FFFCC88B-62BC-47F6-9911-B42AE8D23AA2}.Debug|x86.ActiveCfg = Debug|Win32
		{FFFCC88B-62BC-47F6-9911-B42AE8D23AA2}.Debug|x86.Build.0 = Debug|Win32
		{FFFCC88B-62BC-47F6-9911-B42AE8D23AA2}.Release|x64.ActiveCfg = Release|x64
		{FFFCC88B-62BC-47F6-9911-B42AE8D23AA2}.Release|x64.Build.0 = Release|x64
		{FFFCC88B-62BC-47F6-9911-B42AE8D23AA2}.Release|x86.ActiveCfg = Release|Win32
		{FFFCC88B-62BC-47F6-9911-B42AE8D23AA2}.Release|x86.Build.0 = Release|Win32
		{E92D0616-3DB6-4D8A-9367-630209814BC9}.Debug|x64.ActiveCfg = Debug|x64
		{E92D0616-3DB6-4D8A-9367-630209814BC9}.Debug|x64.Build.0 = Debug|x64
		{E92D0616-3DB6-4D8A-9367-630209814BC9}.Debug|x86.ActiveCfg = Debug|Win32
		{E92D0616-3DB6-4D8A-9367-630209814BC9}.Debug|x86.Build.0 = Debug|Win32
		{E92D0616-3DB6-4D8A-9367-630209814BC9}.Release|x64.ActiveCfg = Release|x64
		{E92D0616-3DB6-4D8A-9367-630209814BC9}.Release|x64.Build.0 = Release|x64
		{E92D0616-3DB6-4D8A-9367-630209814BC9}.Release|x86.ActiveCfg = Release|Win32
		{E92D0616-3DB6-4D8A-9367-630209814BC9}.Release|x86.Build.0 = Release|Win32
		{AD3CBC85-F897-4B11-B0EE-9D9CC41C9DBF}.Debug|x64.ActiveCfg = Debug|x64
		{AD3CBC85-F897-4B11-B0EE-9D9CC41C9DBF}.Debug|x64.Build.0 = Debug|x64
		{AD3CBC85-F897-4B11-B0EE-9D9CC41C9DBF}.Debug|x86.ActiveCfg = Debug|Win32
		{AD3CBC85-F897-4B11-B0EE-9D9CC41C9DBF}.Debug|x86.Build.0 = Debug|Win32
		{AD3CBC85-F897-4B11-B0EE-9D9CC41C9DBF}.Release|x64.ActiveCfg = Release|x64
		{AD3CBC85-F897-4B11-B0EE-9D9CC41C9DBF}.Release|x64.Build.0 = Release|x64
		{AD3CBC85-F897-4B11-B0EE-9D9CC41C9DBF}.Release|x86.ActiveCfg = Release|Win32
		{AD3CBC85-F897-4B11-B0EE-9D9CC41C9DBF}.Release|x86.Build.0 = Release|Win32
		{371D1CBB-ECAC-42A2-9062-75DC41E464B7}.Debug|x64.ActiveCfg = Debug|x64
		{371D1CBB-ECAC-42A2-9062-75DC41E464B7}.Debug|x64.Build.0 = Debug|x64
		{371D1CBB-ECAC-42A2-9062-75DC41E464B7}.Debug|x86.ActiveCfg = Debug|Win32
		{371D1CBB-ECAC-42A2-9062-75DC41E464B7}.Debug|x86.Build.0 = Debug|Win32
		{371D1CBB-ECAC-42A2-9062-75DC41E464B7}.Release|x64.ActiveCfg = Release|x64
		{371D1CBB-ECAC-42A2-9062-75DC41E464B7}.Release|x64.Build.0 = Release|x64
		{371D1CBB-ECAC-42A2-9062-75DC41E464B7}.Release|x86.ActiveCfg = Release|Win32
		{371D1CBB-ECAC-42A2-9062-75DC41E464B7}.Release|x86.Build.0 = Release|Win32
		{3788548C-F55B-487A-BB00-33AB124814A2}.Debug|x64.ActiveCfg = Debug|x64
		{3788548C-F55B-487A-BB00-33AB124814A2}.Debug|x64.Build.0 = Debug|x64
		{3788548C-F55B-487A-BB00-33AB124814A2}.Debug|x86.ActiveCfg = Debug|Win32
		{3788548C-F55B-487A-BB00-33AB124814A2}.Debug|x86.Build.0 = Debug|Win32
		{3788548C-F55B-487A-BB00-33AB124814A2}.Release|x64.ActiveCfg = Release|x64
		{3788548C-F55B-487A-BB00-33AB124814A2}.Release|x64.Build.0 = Release|x64
		{3788548C-F55B-487A-BB00-33AB124814A2}.Release|x86.ActiveCfg = Release|Win32
		{3788548C-F55B-487A-BB00-33AB124814A2}.Release|x86.Build.0 = Release|Win32
		{7537421E-9389-44D9-8136-97D87A001806}.Debug|x64.ActiveCfg = Debug|x64
		{7537421E-9389-44D9-8136-97D87A001806}.Debug|x64.Build.0 = Debug|x64
		{7537421E-9389-44D9-8136-97D87A001806}.Debug|x86.ActiveCfg = Debug|Win32
		{7537421E-9389-44D9-8136-97D87A001806}.Debug|x86.Build.0 = Debug|Win32
		{7537421E-9389-44D9-8136-97D87A001806}.Release|x64.ActiveCfg = Release|x64
		{7537421E-9389-44D9-8136-97D87A001806}.Release|x64.Build.0 = Release|x64
		{7537421E-9389-44D9-8136-97D87A001806}.Release|x86.ActiveCfg = Release|Win32
		{7537421E-9389-44D9-8136-97D87A001806}.Release|x86.Build.0 = Release|Win32
		{859BD45E-93E5-450C-9E0F-8EC8DEF5C867}.Debug|x64.ActiveCfg = Debug|x64
		{859BD45E-93E5-450C-9E0F-8EC8DEF5C867}.Debug|x64.Build.0 = Debug|x64
		{859BD45E-93E5-450C-9E0F-8EC8DEF5C867}.Debug|x86.ActiveCfg = Debug|Win32
		{859BD45E-93E5-450C-9E0F-8EC8DEF5C867}.Debug|x86.Build.0 = Debug|Win32
		{859BD45E-93E5-450C-9E0F-8EC8DEF5C867}.Release|x64.ActiveCfg = Release|x64
		{859BD45E-93E5-450C-9E0F-8EC8DEF5C867}.Release|x64.Build.0 = Release|x64
		{859BD45E-93E5-450C-9E0F-8EC8DEF5C867}.Release|x86.ActiveCfg = Release|Win32
		{859BD45E-93E5-450C-9E0F-8EC8DEF5C867}.Release|x86.Build.0 = Release|Win32
		{D1FA1A64-4A35-45F8-BB54-29840FB7555D}.Debug|x64.ActiveCfg = Debug|x64
		{D1FA1A64-4A35-45F8-BB54-29840FB7555D}.Debug|x64.Build.0 = Debug|x64
		{D1FA1A64-4A35-45F8-BB54-29840FB7555D}.Debug|x86.ActiveCfg = Debug|Win32
		{D1FA1A64-4A35-45F8-BB54-29840FB7555D}.Debug|x86.Build.0 = Debug|Win32
		{D1FA1A64-4A35-45F8-BB54-29840FB7555D}.Release|x64.ActiveCfg = Release|x64
		{D1FA1A64-4A35-45F8-BB54-29840FB7555D}.Release|x64.Build.0 = Release|x64
		{D1FA1A64-4A35-45F8-BB54-29840FB7555D}.Release|x86.ActiveCfg = Release|Win32
		{D1FA1A64-4A35-45F8-BB54-29840FB7555D}.Release|x86.Build.0 = Release|Win32
		{AC206DA5-CD4A-4C0A-A862-31B9CA37CD52}.Debug|x64.ActiveCfg = Debug|x64
		{AC206DA5-CD4A-4C0A-A862-31B9CA37CD52}.Debug|x64.Build.0 = Debug|x64
		{AC206DA5-CD4A-4C0A-A862-31B9CA37CD52}.Debug|x86.ActiveCfg = Debug|Win32
		{AC206DA5-CD4A-4C0A-A862-31B9CA37CD52}.Debug|x86.Build.0 = Debug|Win32
		{AC206DA5-CD4A-4C0A-A862-31B9CA37CD52}.Release|x64.ActiveCfg = Release|x64
		{AC206DA5-CD4A-4C0A-A862-31B9CA37CD52}.Release|x64.Build.0 = Release|x64
		{AC206DA5-CD4A-4C0A-A862-31B9CA37CD52}.Release|x86.ActiveCfg = Release|Win32
		{AC206DA5-CD4A-4C0A-A862-31B9CA37CD52}.Release|x86.Build.0 = Release|Win32
		{7457BDDC-F9C4-482F-BCB4-0B67A8591A51}.Debug|x64.ActiveCfg = Debug|x64
		{7457BDDC-F9C4-482F-BCB4-0B67A8591A51}.Debug|x64.Build.0 = Debug|x64
		{7457BDDC-F9C4-482F-BCB4-0B67A8591A51}.Debug|x86.ActiveCfg = Debug|Win32
		{7457BDDC-F9C4-482F-BCB4-0B67A8591A51}.Debug|x86.Build.0 = Debug|Win32
		{7457BDDC-F9C4-482F-BCB4-0B67A8591A51}.Release|x64.ActiveCfg = Release|x64
		{7457BDDC-F9C4-482F-BCB4-0B67A8591A51}.Release|x64.Build.0 = Release|x64
		{7457BDDC-F9C4-482F-BCB4-0B67A8591A51}.Release|x86.ActiveCfg = Release|Win32
		{7457BDDC-F9C4-482F-BCB4-0B67A8591A51}.Release|x86.Build.0 = Release|Win32
		{0F7941EF-954C-4966-9F79-164BD12BB25D}.Debug|x64.ActiveCfg = Debug|x64
		{0F7941EF-954C-4966-9F79-164BD12BB25D}.Debug|x64.Build.0 = Debug|x64
		{0F7941EF-954C-4966-9F79-164BD12BB25D}.Debug|x86.ActiveCfg = Debug|Win32
		{0F7941EF-954C-4966-9F79-164BD12BB25D}.Debug|x86.Build.0 = Debug|Win32
		{0F7941EF-954C-4966-9F79-164BD12BB25D}.Release|x64.ActiveCfg = Release|x64
		{0F7941EF-954C-4966-9F79-164BD12BB25D}.Release|x64.Build.0 = Release|x64
		{0F7941EF-954C-4966-9F79-164BD12BB25D}.Release|x86.ActiveCfg = Release|Win32
		{0F7941EF-954C-4966-9F79-164BD12BB25D}.Release|x86.Build.0 = Release|Win32
		{F384A6A3-0E8B-4B8A-BF53-04E6DB54CE61}.Debug|x64.ActiveCfg = Debug|x64
		{F384A6A3-0E8B-4B8A-BF53-04E6DB54CE61}.Debug|x64.Build.0 = Debug|x64
		{F384A6A3-0E8B-4B8A-BF53-04E6DB54CE61}.Debug|x86.ActiveCfg = Debug|Win32
		{F384A6A3-0E8B-4B8A-BF53-04E6DB54CE61}.Debug|x86.Build.0 = Debug|Win32
		{F384A6A3-0E8B-4B8A-BF53-04E6DB54CE61}.Release|x64.ActiveCfg = Release|x64
		{F384A6A3-0E8B-4B8A-BF53-04E6DB54CE61}.Release|x64.Build.0 = Release|x64
		{F384A6A3-0E8B-4B8A-BF53-04E6DB54CE61}.Release|x86.ActiveCfg = Release|Win32
		{F384A6A3-0E8B-4B8A-BF53-04E6DB54CE61}.Release|x86.Build.0 = Release|Win32
		{D5A53D06-FE65-4204-BCFF-166FFEDBD7E6}.Debug|x64.ActiveCfg = Debug|x64
		{D5A53D06-FE65-4204-BCFF-166FFEDBD7E6}.Debug|x64.Build.0 = Debug|x64
		{D5A53D06-FE65-4204-BCFF-166FFEDBD7E6}.Debug|x86.ActiveCfg = Debug|Win32
		{D5A53D06-FE65-4204-BCFF-166FFEDBD7E6}.Debug|x86.Build.0 = Debug|Win32
		{D5A53D06-FE65-4204-BCFF-166FFEDBD7E6}.Release|x64.ActiveCfg = Release|x64
		{D5A53D06-FE65-4204-BCFF-166FFEDBD7E6}.Release|x64.Build.0 = Release|x64
		{D5A53D06-FE65-4204-BCFF-166FFEDBD7E6}.Release|x86.ActiveCfg = Release|Win32
		{D5A53D06-FE65-4204-BCFF-166FFEDBD7E6}.Release|x86.Build.0 = Release|Win32
		{C9A96AF2-3E05-4CF3-8071-76A6B5D3E973}.Debug|x64.ActiveCfg = Debug|x64
		{C9A96AF2-3E05-4CF3-8071-76A6B5D3E973}.Debug|x64.Build.0 = Debug|x64
		{C9A96AF2-3E05-4CF3-8071-76A6B5D3E973}.Debug|x86.ActiveCfg = Debug|Win32
		{C9A96AF2-3E05-4CF3-8071-76A6B5D3E973}.Debug|x86.Build.0 = Debug|Win32
		{C9A96AF2-3E05-4CF3-8071-76A6B5D3E973}.Release|x64.ActiveCfg = Release|x64
		{C9A96AF2-3E05-4CF3-8071-76A6B5D3E973}.Release|x64.Build.0 = Release|x64
		{C9A96AF2-3E05-4CF3-8071-76A6B5D3E973}.Release|x86.ActiveCfg = Release|Win32
		{C9A96AF2-3E05-4CF3-8071-76A6B5D3E973}.Release|x86.Build.0 = Release|Win32
		{D28FCFCA-2BBF-4838-A7F9-DB94595861F8}.Debug|x64.ActiveCfg = Debug|x64
		{D28FCFCA-2BBF-4838-A7F9-DB94595861F8}.Debug|x64.Build.0 = Debug|x64
		{D28FCFCA-2BBF-4838-A7F9-DB94595861F8}.Debug|x86.ActiveCfg = Debug|Win32
		{D28FCFCA-2BBF-4838-A7F9-DB94595861F8}.Debug|x86.Build.0 = Debug|Win32
		{D28FCFCA-2BBF-4838-A7F9-DB94595861F8}.Release|x64.ActiveCfg = Release|x64
		{D28FCFCA-2BBF-4838-A7F9-DB94595861F8}.Release|x64.Build.0 = Release|x64
		{D28FCFCA-2BBF-4838-A7F9-DB94595861F8}.Release|x86.ActiveCfg = Release|Win32
		{D28FCFCA-2BBF-4838-A7F9-DB94595861F8}.Release|x86.Build.0 = Release|Win32
		{58605C27-60BC-425A-A460-A9049A5B7EF2}.Debug|x64.ActiveCfg = Debug|x64
		{58605C27-60BC-425A-A460-A9049A5B7EF2}.Debug|x64.Build.0 = Debug|x64
		{58605C27-60BC-425A-A460-A9049A5B7EF2}.Debug|x86.ActiveCfg = Debug|Win32
		{58605C27-60BC-425A-A460-A9049A5B7EF2}.Debug|x86.Build.0 = Debug|Win32
		{58605C27-60BC-425A-A460-A9049A5B7EF2}.Release|x64.ActiveCfg = Release|x64
		{58605C27-60BC-425A-A460-A9049A5B7EF2}.Release|x64.Build.0 = Release|x64
		{58605C27-60BC-425A-A460-A9049A5B7EF2}.Release|x86.ActiveCfg = Release|Win32
		{58605C27-60BC-425A-A460-A9049A5B7EF2}.Release|x86.Build.0 = Release|Win32
		{09465891-D6D0-4295-9E57-5EE4FB317362}.Debug|x64.ActiveCfg = Debug|x64
		{09465891-D6D0-4295-9E57-5EE4FB317362}.Debug|x64.Build.0 = Debug|x64
		{09465891-D6D0-4295-9E57-5EE4FB317362}.Debug|x86.ActiveCfg = Debug|Win32
		{09465891-D6D0-4295-9E57-5EE4FB317362}.Debug|x86.Build.0 = Debug|Win32
		{09465891-D6D0-4295-9E57-5EE4FB317362}.Release|x64.ActiveCfg = Release|x64
		{09465891-D6D0-4295-9E57-5EE4FB317362}.Release|x64.Build.0 = Release|x64
		{09465891-D6D0-4295-9E57-5EE4FB317362}.Release|x86.ActiveCfg = Release|Win32
		{09465891-D6D0-4295-9E57-5EE4FB317362}.Release|x86.Build.0 = Release|Win32
		{8F5AC863-CB41-44CD-A90F-02D2F172276A}.Debug|x64.ActiveCfg = Debug|x64
		{8F5AC863-CB41-44CD-A90F-02D2F172276A}.Debug|x64.Build.0 = Debug|x64
		{8F5AC863-CB41-44CD-A90F-02D2F172276A}.Debug|x86.ActiveCfg = Debug|Win32
		{8F5AC863-CB41-44CD-A90F-02D2F172276A}.Debug|x86.Build.0 = Debug|Win32
		{8F5AC863-CB41-44CD-A90F-02D2F172276A}.Release|x64.ActiveCfg = Release|x64
		{8F5AC863-CB41-44CD-A90F-02D2F172276A}.Release|x64.Build.0 = Release|x64
		{8F5AC863-CB41-44CD-A90F-02D2F172276A}.Release|x86.ActiveCfg = Release|Win32
		{8F5AC863-CB41-44CD-A90F-02D2F172276A}.Release|x86.Build.0 = Release|Win32
		{EF7BC816-44DC-4776-9601-14D925456421}.Debug|x64.ActiveCfg = Debug|x64
		{EF7BC816-44DC-4776-9601-14D925456421}.Debug|x64.Build.0 = Debug|x64
		{EF7BC816-44DC-4776-9601-14D925456421}.Debug|x86.ActiveCfg = Debug|Win32
		{EF7BC816-44DC-4776-9601-14D925456421}.Debug|x86.Build.0 = Debug|Win32
		{EF7BC816-44DC-4776-9601-14D925456421}.Release|x64.ActiveCfg = Release|x64
		{EF7BC816-44DC-4776-9601-14D925456421}.Release|x64.Build.0 = Release|x64
		{EF7BC816-44DC-4776-9601-14D925456421}.Release|x86.ActiveCfg = Release|Win32
		{EF7BC816-44DC-4776-9601-14D925456421}.Release|x86.Build.0 = Release|Win32
		{973D7E70-4CF0-43DA-953A-B8280BD1DEA9}.Debug|x64.ActiveCfg = Debug|x64
		{973D7E70-4CF0-43DA-953A-B8280BD1DEA9}.Debug|x64.Build.0 = Debug|x64
		{973D7E70-4CF0-43DA-953A-B8280BD1DEA9}.Debug|x86.ActiveCfg = Debug|Win32
		{973D7E70-4CF0-43DA-953A-B8280BD1DEA9}.Debug|x86.Build.0 = Debug|Win32
		{973D7E70-4CF0-43DA-953A-B8280BD1DEA9}.Release|x64.ActiveCfg = Release|x64
		{973D7E70-4CF0-43DA-953A-B8280BD1DEA9}.Release|x64.Build.0 = Release|x64
		{973D7E70-4CF0-43DA-953A-B8280BD1DEA9}.Release|x86.ActiveCfg = Release|Win32
		{973D7E70-4CF0-43DA-953A-B8280BD1DEA9}.Release|x86.Build.0 = Release|Win32
		{A489DBC5-6C3E-4DE8-8CD9-B9C905A94861}.Debug|x64.ActiveCfg = Debug|x64
		{A489DBC5-6C3E-4DE8-8CD9-B9C905A94861}.Debug|x64.Build.0 = Debug|x64
		{A489DBC5-6C3E-4DE8-8CD9-B9C905A94861}.Debug|x86.ActiveCfg = Debug|Win32
		{A489DBC5-6C3E-4DE8-8CD9-B9C905A94861}.Debug|x86.Build.0 = Debug|Win32
		{A489DBC5-6C3E-4DE8-8CD9-B9C905A94861}.Release|x64.ActiveCfg = Release|x64
		{A489DBC5-6C3E-4DE8-8CD9-B9C905A94861}.Release|x64.Build.0 = Release|x64
		{A489DBC5-6C3E-4DE8-8CD9-B9C905A94861}.Release|x86.ActiveCfg = Release|Win32
		{A489DBC5-6C3E-4DE8-8CD9-B9C905A94861}.Release|x86.Build.0 = Release|Win32
		{A60C28C0-176B-48B1-8D05-0ECE84746E80}.Debug|x64.ActiveCfg = Debug|x64
		{A60C28C0-176B-48B1-8D05-0ECE84746E80}.Debug|x64.Build.0 = Debug|x64
		{A60C28C0-176B-48B1-8D05-0ECE84746E80}.Debug|x86.ActiveCfg = Debug|Win32
		{A60C28C0-176B-48B1-8D05-0ECE84746E80}.Debug|x86.Build.0 = Debug|Win32
		{A60C28C0-176B-48B1-8D05-0ECE84746E80}.Release|x64.ActiveCfg = Release|x64
		{A60C28C0-176B-48B1-8D05-0ECE84746E80}.Release|x64.Build.0 = Release|x64
		{A60C28C0-176B-48B1-8D05-0ECE84746E80}.Release|x86.ActiveCfg = Release|Win32
		{A60C28C0-176B-48B1-8D05-0ECE84746E80}.Release|x86.Build.0 = Release|Win32
		{CAD9750A-D753-4082-A4D3-9591327935F4}.Debug|x64.ActiveCfg = Debug|x64
		{CAD9750A-D753-4082-A4D3-9591327935F4}.Debug|x64.Build.0 = Debug|x64
		{CAD9750A-D753-4082-A4D3-9591327935F4}.Debug|x86.ActiveCfg = Debug|Win32
		{CAD9750A-D753-4082-A4D3-9591327935F4}.Debug|x86.Build.0 = Debug|Win32
		{CAD9750A-D753-4082-A4D3-9591327935F4}.Release|x64.ActiveCfg = Release|x64
		{CAD9750A-D753-4082-A4D3-9591327935F4}.Release|x64.Build.0 = Release|x64
		{CAD9750A-D753-4082-A4D3-9591327935F4}.Release|x86.ActiveCfg = Release|Win32
		{CAD9750A-D753-4082-A4D3-9591327935F4}.Release|x86.Build.0 = Release|Win32
		{796CCCF6-80A5-4446-9387-C15B825269DB}.Debug|x64.ActiveCfg = Debug|x64
		{796CCCF6-80A5-4446-9387-C15B825269DB}.Debug|x64.Build.0 = Debug|x64
		{796CCCF6-80A5-4446-9387-C15B825269DB}.Debug|x86.ActiveCfg = Debug|Win32
		{796CCCF6-80A5-4446-9387-C15B825269DB}.Debug|x86.Build.0 = Debug|Win32
		{796CCCF6-80A5-4446-9387-C15B825269DB}.Release|x64.ActiveCfg = Release|x64
		{796CCCF6-80A5-4446-9387-C15B825269DB}.Release|x64.Build.0 = Release|x64
		{796CCCF6-80A5-4446-9387-C15B825269DB}.Release|x86.ActiveCfg = Release|Win32
		{796CCCF6-80A5-4446-9387-C15B825269DB}.Release|x86.Build.0 = Release|Win32
		{243703BB-EA5C-4738-B08C-0B273C015098}.Debug|x64.ActiveCfg = Debug|x64
		{243703BB-EA5C-4738-B08C-0B273C015098}.Debug|x64.Build.0 = Debug|x64
		{243703BB-EA5C-4738-B08C-0B273C015098}.Debug|x86.ActiveCfg = Debug|Win32
		{243703BB-EA5C-4738-B08C-0B273C015098}.Debug|x86.Build.0 = Debug|Win32
		{243703BB-EA5C-4738-B08C-0B273C015098}.Release|x64.ActiveCfg = Release|x64
		{243703BB-EA5C-4738-B08C-0B273C015098}.Release|x64.Build.0 = Release|x64
		{243703BB-EA5C-4738-B08C-0B273C015098}.Release|x86.ActiveCfg = Release|Win32
		{243703BB-EA5C-4738-B08C-0B273C015098}.Release|x86.Build.0 = Release|Win32
		{8E0DFD7C-6784-4D2E-B3C2-49013BFAC125}.Debug|x64.ActiveCfg = Debug|x64
		{8E0DFD7C-6784-4D2E-B3C2-49013BFAC125}.Debug|x64.Build.0 = Debug|x64
		{8E0DFD7C-6784-4D2E-B3C2-49013BFAC125}.Debug|x86.ActiveCfg = Debug|Win32
		{8E0DFD7C-6784-4D2E-B3C2-49013BFAC125}.Debug|x86.Build.0 = Debug|Win32
		{8E0DFD7C-6784-4D2E-B3C2-49013BFAC125}.Release|x64.ActiveCfg = Release|x64
		{8E0DFD7C-6784-4D2E-B3C2-49013BFAC125}.Release|x64.Build.0 = Release|x64
		{8E0DFD7C-6784-4D2E-B3C2-49013BFAC125}.Release|x86.ActiveCfg = Release|Win32
		{8E0DFD7C-6784-4D2E-B3C2-49013BFAC125}.Release|x86.Build.0 = Release|Win32
		{A405BAA0-7C51-4699-B231-3335B9985EAD}.Debug|x64.ActiveCfg = Debug|x64
		{A405BAA0-7C51-4699-B231-3335B9985EAD}.Debug|x64.Build.0 = Debug|x64
		{A405BAA0-7C51-4699-B231-3335B9985EAD}.Debug|x86.ActiveCfg = Debug|Win32
		{A405BAA0-7C51-4699-B231-3335B9985EAD}.Debug|x86.Build.0 = Debug|Win32
		{A405BAA0-7C51-4699-B231-3335B9985EAD}.Release|x64.ActiveCfg = Release|x64
		{A405BAA0-7C51-4699-B231-3335B9985EAD}.Release|x64.Build.0 = Release|x64
		{A405BAA0-7C51-4699-B231-3335B9985EAD}.Release|x86.ActiveCfg = Release|Win32
		{A405BAA0-7C51-4699-B231-3335B9985EAD}.Release|x86.Build.0 = Release|Win32
		{589755AE-0493-475E-A505-A2A11CC3084E}.Debug|x64.ActiveCfg = Debug|x64
		{589755AE-0493-475E-A505-A2A11CC3084E}.Debug|x64.Build.0 = Debug|x64
		{589755AE-0493-475E-A505-A2A11CC3084E}.Debug|x86.ActiveCfg = Debug|Win32
		{589755AE-0493-475E-A505-A2A11CC3084E}.Debug|x86.Build.0 = Debug|Win32
		{589755AE-0493-475E-A505-A2A11CC3084E}.Release|x64.ActiveCfg = Release|x64
		{589755AE-0493-475E-A505-A2A11CC3084E}.Release|x64.Build.0 = Release|x64
		{589755AE-0493-475E-A505-A2A11CC3084E}.Release|x86.ActiveCfg = Release|Win32
		{589755AE-0493-475E-A505-A2A11CC3084E}.Release|x86.Build.0 = Release|Win32
		{CC447CE3-0F5C-4F10-B625-FD4D30892B15}.Debug|x64.ActiveCfg = Debug|x64
		{CC447CE3-0F5C-4F10-B625-FD4D30892B15}.Debug|x64.Build.0 = Debug|x64
		{CC447CE3-0F5C-4F10-B625-FD4D30892B15}.Debug|x86.ActiveCfg = Debug|Win32
		{CC447CE3-0F5C-4F10-B625-FD4D30892B15}.Debug|x86.Build.0 = Debug|Win32
		{CC447CE3-0F5C-4F10-B625-FD4D30892B15}.Release|x64.ActiveCfg = Release|x64
		{CC447CE3-0F5C-4F10-B625-FD4D30892B15}.Release|x64.Build.0 = Release|x64
		{CC447CE3-0F5C-4F10-B625-FD4D30892B15}.Release|x86.ActiveCfg = Release|Win32
		{CC447CE3-0F5C-4F10-B625-FD4D30892B15}.Release|x86.Build.0 = Release|Win32
		{C9496D3E-4E18-4AB8-B0AA-C28D0FC84202}.Debug|x64.ActiveCfg = Debug|x64
		{C9496D3E-4E18-4AB8-B0AA-C28D0FC84202}.Debug|x64.Build.0 = Debug|x64
		{C9496D3E-4E18-4AB8-B0AA-C28D0FC84202}.Debug|x86.ActiveCfg = Debug|Win32
		{C9496D3E-4E18-4AB8-B0AA-C28D0FC84202}.Debug|x86.Build.0 = Debug|Win32
		{C9496D3E-4E18-4AB8-B0AA-C28D0FC84202}.Release|x64.ActiveCfg = Release|x64
		{C9496D3E-4E18-4AB8-B0AA-C28D0FC84202}.Release|x64.Build.0 = Release|x64
		{C9496D3E-4E18-4AB8-B0AA-C28D0FC84202}.Release|x86.ActiveCfg = Release|Win32
		{C9496D3E-4E18-4AB8-B0AA-C28D0FC84202}.Release|x86.Build.0 = Release|Win32
		{7ABE6B9C-992E-48FD-A2A8-06641AA860BA}.Debug|x64.ActiveCfg = Debug|x64
		{7ABE6B9C-992E-48FD-A2A8-06641AA860BA}.Debug|x64.Build.0 = Debug|x64
		{7ABE6B9C-992E-48FD-A2A8-06641AA860BA}.Debug|x86.ActiveCfg = Debug|Win32
		{7ABE6B9C-992E-48FD-A2A8-06641AA860BA}.Debug|x86.Build.0 = Debug|Win32
		{7ABE6B9C-992E-48FD-A2A8-06641AA860BA}.Release|x64.ActiveCfg = Release|x64
		{7ABE6B9C-992E-48FD-A2A8-06641AA860BA}.Release|x64.Build.0 = Release|x64
		{7ABE6B9C-992E-48FD-A2A8-06641AA860BA}.Release|x86.ActiveCfg = Release|Win32
		{7ABE6B9C-992E-48FD-A2A8-06641AA860BA}.Release|x86.Build.0 = Release|Win32
		{F8947007-581A-49A0-BD93-F9DB66CDD2F8}.Debug|x64.ActiveCfg = Debug|x64
		{F8947007-581A-49A0-BD93-F9DB66CDD2F8}.Debug|x64.Build.0 = Debug|x64
		{F8947007-581A-49A0-BD93-F9DB66CDD2F8}.Debug|x86.ActiveCfg = Debug|Win32
		{F8947007-581A-49A0-BD93-F9DB66CDD2F8}.Debug|x86.Build.0 = Debug|Win32
		{F8947007-581A-49A0-BD93-F9DB66CDD2F8}.Release|x64.ActiveCfg = Release|x64
		{F8947007-581A-49A0-BD93-F9DB66CDD2F8}.Release|x64.Build.0 = Release|x64
		{F8947007-581A-49A0-BD93-F9DB66CDD2F8}.Release|x86.ActiveCfg = Release|Win32
		{F8947007-581A-49A0-BD93-F9DB66CDD2F8}.Release|x86.Build.0 = Release|Win32
		{26C4D236-DF09-444A-B3FE-8B6DFBD36E11}.Debug|x64.ActiveCfg = Debug|x64
		{26C4D236-DF09-444A-B3FE-8B6DFBD36E11}.Debug|x64.Build.0 = Debug|x64
		{26C4D236-DF09-444A-B3FE-8B6DFBD36E11}.Debug|x86.ActiveCfg = Debug|Win32
		{26C4D236-DF09-444A-B3FE-8B6DFBD36E11}.Debug|x86.Build.0 = Debug|Win32
		{26C4D236-DF09-444A-B3FE-8B6DFBD36E11}.Release|x64.ActiveCfg = Release|x64
		{26C4D236-DF09-444A-B3FE-8B6DFBD36E11}.Release|x64.Build.0 = Release|x64
		{26C4D236-DF09-444A-B3FE-8B6DFBD36E11}.Release|x86.ActiveCfg = Release|Win32
		{26C4D236-DF09-444A-B3FE-8B6DFBD36E11}.Release|x86.Build.0 = Release|Win32
		{8122EDE9-93E0-413B-8CDB-5A67CA560274}.Debug|x64.ActiveCfg = Debug|x64
		{8122EDE9-93E0-413B-8CDB-5A67CA560274}.Debug|x64.Build.0 = Debug|x64
		{8122EDE9-93E0-413B-8CDB-5A67CA560274}.Debug|x86.ActiveCfg = Debug|Win32
		{8122EDE9-93E0-413B-8CDB-5A67CA560274}.Debug|x86.Build.0 = Debug|Win32
		{8122EDE9-93E0-413B-8CDB-5A67CA560274}.Release|x64.ActiveCfg = Release|x64
		{8122EDE9-93E0-413B-8CDB-5A67CA560274}.Release|x64.Build.0 = Release|x64
		{8122EDE9-93E0-413B-8CDB-5A67CA560274}.Release|x86.ActiveCfg = Release|Win32
		{8122EDE9-93E0-413B-8CDB-5A67CA560274}.Release|x86.Build.0 = Release|Win32
		{B68F429C-095B-4617-AE81-0462C98FC12B}.Debug|x64.ActiveCfg = Debug|x64
		{B68F429C-095B-4617-AE81-0462C98FC12B}.Debug|x64.Build.0 = Debug|x64
		{B68F429C-095B-4617-AE81-0462C98FC12B}.Debug|x86.ActiveCfg = Debug|Win32
		{B68F429C-095B-4617-AE81-0462C98FC12B}.Debug|x86.Build.0 = Debug|Win32
		{B68F429C-095B-4617-AE81-0462C98FC12B}.Release|x64.ActiveCfg = Release|x64
		{B68F429C-095B-4617-AE81-0462C98FC12B}.Release|x64.Build.0 = Release|x64
		{B68F429C-095B-4617-AE81-0462C98FC12B}.Release|x86.ActiveCfg = Release|Win32
		{B68F429C-095B-4617-AE81-0462C98FC12B}.Release|x86.Build.0 = Release|Win32
		{14C0952B-43BF-45BD-B97F-FF059E095678}.Debug|x64.ActiveCfg = Debug|x64
		{14C0952B-43BF-45BD-B97F-FF059E095678}.Debug|x64.Build.0 = Debug|x64
		{14C0952B-43BF-45BD-B97F-FF059E095678}.Debug|x86.ActiveCfg = Debug|Win32
		{14C0952B-43BF-45BD-B97F-FF059E095678}.Debug|x86.Build.0 = Debug|Win32
		{14C0952B-43BF-45BD-B97F-FF059E095678}.Release|x64.ActiveCfg = Release|x64
		{14C0952B-43BF-45BD-B97F-FF059E095678}.Release|x64.Build.0 = Release|x64
		{14C0952B-43BF-45BD-B97F-FF059E095678}.Release|x86.ActiveCfg = Release|Win32
		{14C0952B-43BF-45BD-B97F-FF059E095678}.Release|x86.Build.0 = Release|Win32
		{6FC783D6-9113-43CB-B86B-848FF948B357}.Debug|x64.ActiveCfg = Debug|x64
		{6FC783D6-9113-43CB-B86B-848FF948B357}.Debug|x64.Build.0 = Debug|x64
		{6FC783D6-9113-43CB-B86B-848FF948B357}.Debug|x86.ActiveCfg = Debug|Win32
		{6FC783D6-9113-43CB-B86B-848FF948B357}.Debug|x86.Build.0 = Debug|Win32
		{6FC783D6-9113-43CB-B86B-848FF948B357}.Release|x64.ActiveCfg = Release|x64
		{6FC783D6-9113-43CB-B86B-848FF948B357}.Release|x64.Build.0 = Release|x64
		{6FC783D6-9113-43CB-B86B-848FF948B357}.Release|x86.ActiveCfg = Release|Win32
		{6FC783D6-9113-43CB-B86B-848FF948B357}.Release|x86.Build.0 = Release|Win32
		{62939967-3A55-46AD-9BBA-19897EC92025}.Debug|x64.ActiveCfg = Debug|x64
		{62939967-3A55-46AD-9BBA-19897EC92025}.Debug|x64.Build.0 = Debug|x64
		{62939967-3A55-46AD-9BBA-19897EC92025}.Debug|x86.ActiveCfg = Debug|Win32
		{62939967-3A55-46AD-9BBA-19897EC92025}.Debug|x86.Build.0 = Debug|Win32
		{62939967-3A55-46AD-9BBA-19897EC92025}.Release|x64.ActiveCfg = Release|x64
		{62939967-3A55-46AD-9BBA-19897EC92025}.Release|x64.Build.0 = Release|x64
		{62939967-3A55-46AD-9BBA-19897EC92025}.Release|x86.ActiveCfg = Release|Win32
		{62939967-3A55-46AD-9BBA-19897EC92025}.Release|x86.Build.0 = Release|Win32
		{CAFCA717-2C1F-495F-9F04-5911260758BF}.Debug|x64.ActiveCfg = Debug|x64
		{CAFCA717-2C1F-495F-9F04-5911260758BF}.Debug|x64.Build.0 = Debug|x64
		{CAFCA717-2C1F-495F-9F04-5911260758BF}.Debug|x86.ActiveCfg = Debug|Win32
		{CAFCA717-2C1F-495F-9F04-5911260758BF}.Debug|x86.Build.0 = Debug|Win32
		{CAFCA717-2C1F-495F-9F04-5911260758BF}.Release|x64.ActiveCfg = Release|x64
		{CAFCA717-2C1F-495F-9F04-5911260758BF}.Release|x64.Build.0 = Release|x64
		{CAFCA717-2C1F-495F-9F04-5911260758BF}.Release|x86.ActiveCfg = Release|Win32
		{CAFCA717-2C1F-495F-9F04-5911260758BF}.Release|x86.Build.0 = Release|Win32
		{0E97393E-5B12-4873-8D75-B22F97341C82}.Debug|x64.ActiveCfg = Debug|x64
		{0E97393E-5B12-4873-8D75-B22F97341C82}.Debug|x64.Build.0 = Debug|x64
		{0E97393E-5B12-4873-8D75-B22F97341C82}.Debug|x86.ActiveCfg = Debug|Win32
		{0E97393E-5B12-4873-8D75-B22F97341C82}.Debug|x86.Build.0 = Debug|Win32
		{0E97393E-5B12-4873-8D75-B22F97341C82}.Release|x64.ActiveCfg = Release|x64
		{0E97393E-5B12-4873-8D75-B22F97341C82}.Release|x64.Build.0 = Release|x64
		{0E97393E-5B12-4873-8D75-B22F97341C82}.Release|x86.ActiveCfg = Release|Win32
		{0E97393E-5B12-4873-8D75-B22F97341C82}.Release|x86.Build.0 = Release|Win32
		{D4C1BD50-8AD9-4E14-A7C7-08013081A0F8}.Debug|x64.ActiveCfg = Debug|x64
		{D4C1BD50-8AD9-4E14-A7C7-08013081A0F8}.Debug|x64.Build.0 = Debug|x64
		{D4C1BD50-8AD9-4E14-A7C7-08013081A0F8}.Debug|x86.ActiveCfg = Debug|Win32
		{D4C1BD50-8AD9-4E14-A7C7-08013081A0F8}.Debug|x86.Build.0 = Debug|Win32
		{D4C1BD50-8AD9-4E14-A7C7-08013081A0F8}.Release|x64.ActiveCfg = Release|x64
		{D4C1BD50-8AD9-4E14-A7C7-08013081A0F8}.Release|x64.Build.0 = Release|x64
		{D4C1BD50-8AD9-4E14-A7C7-08013081A0F8}.Release|x86.ActiveCfg = Release|Win32
		{D4C1BD50-8AD9-4E14-A7C7-08013081A0F8}.Release|x86.Build.0 = Release|Win32
		{42C5A149-8C22-4C2E-A94D-2B4D047A7512}.Debug|x64.ActiveCfg = Debug|x64
		{42C5A149-8C22-4C2E-A94D-2B4D047A7512}.Debug|x64.Build.0 = Debug|x64
		{42C5A149-8C22-4C2E-A94D-2B4D047A7512}.Debug|x86.ActiveCfg = Debug|Win32
		{42C5A149-8C22-4C2E-A94D-2B4D047A7512}.Debug|x86.Build.0 = Debug|Win32
		{42C5A149-8C22-4C2E-A94D-2B4D047A7512}.Release|x64.ActiveCfg = Release|x64
		{42C5A149-8C22-4C2E-A94D-2B4D047A7512}.Release|x64.Build.0 = Release|x64
		{42C5A149-8C22-4C2E-A94D-2B4D047A7512}.Release|x86.ActiveCfg = Release|Win32
		{42C5A149-8C22-4C2E-A94D-2B4D047A7512}.Release|x86.Build.0 = Release|Win32
		{22D13247-1C34-42FF-BD64-17B19D7663BF}.Debug|x64.ActiveCfg = Debug|x64
		{22D13247-1C34-42FF-BD64-17B19D7663BF}.Debug|x64.Build.0 = Debug|x64
		{22D13247-1C34-42FF-BD64-17B19D7663BF}.Debug|x86.ActiveCfg = Debug|Win32
		{22D13247-1C34-42FF-BD64-17B19D7663BF}.Debug|x86.Build.0 = Debug|Win32
		{22D13247-1C34-42FF-BD64-17B19D7663BF}.Release|x64.ActiveCfg = Release|x64
		{22D13247-1C34-42FF-BD64-17B19D7663BF}.Release|x64.Build.0 = Release|x64
		{22D13247-1C34-42FF-BD64-17B19D7663BF}.Release|x86.ActiveCfg = Release|Win32
		{22D13247-1C34-42FF-BD64-17B19D7663BF}.Release|x86.Build.0 = Release|Win32
		{2C0B0C2F-F0A4-442D-A0D4-64232848BDE8}.Debug|x64.ActiveCfg = Debug|x64
		{2C0B0C2F-F0A4-442D-A0D4-64232848BDE8}.Debug|x64.Build.0 = Debug|x64
		{2C0B0C2F-F0A4-442D-A0D4-64232848BDE8}.Debug|x86.ActiveCfg = Debug|Win32
		{2C0B0C2F-F0A4-442D-A0D4-64232848BDE8}.Debug|x86.Build.0 = Debug|Win32
		{2C0B0C2F-F0A4-442D-A0D4-64232848BDE8}.Release|x64.ActiveCfg = Release|x64
		{2C0B0C2F-F0A4-442D-A0D4-64232848BDE8}.Release|x64.Build.0 = Release|x64
		{2C0B0C2F-F0A4-442D-A0D4-64232848BDE8}.Release|x86.ActiveCfg = Release|Win32
		{2C0B0C2F-F0A4-442D-A0D4-64232848BDE8}.Release|x86.Build.0 = Release|Win32
		{0369EB6D-1B65-4340-80C0-DF40569F58D8}.Debug|x64.ActiveCfg = Debug|x64
		{0369EB6D-1B65-4340-80C0-DF40569F58D8}.Debug|x64.Build.0 = Debug|x64
		{0369EB6D-1B65-4340-80C0-DF40569F58D8}.Debug|x86.ActiveCfg = Debug|Win32
		{0369EB6D-1B65-4340-80C0-DF40569F58D8}.Debug|x86.Build.0 = Debug|Win32
		{0369EB6D-1B65-4340-80C0-DF40569F58D8}.Release|x64.ActiveCfg = Release|x64
		{0369EB6D-1B65-4340-80C0-DF40569F58D8}.Release|x64.Build.0 = Release|x64
		{0369EB6D-1B65-4340-80C0-DF40569F58D8}.Release|x86.ActiveCfg = Release|Win32
		{0369EB6D-1B65-4340-80C0-DF40569F58D8}.Release|x86.Build.0 = Release|Win32
		{D1F385DB-AF2D-4E6A-871B-64AC135EC7D1}.Debug|x64.ActiveCfg = Debug|x64
		{D1F385DB-AF2D-4E6A-871B-64AC135EC7D1}.Debug|x64.Build.0 = Debug|x64
		{D1F385DB-AF2D-4E6A-871B-64AC135EC7D1}.Debug|x86.ActiveCfg = Debug|Win32
		{D1F385DB-AF2D-4E6A-871B-64AC135EC7D1}.Debug|x86.Build.0 = Debug|Win32
		{D1F385DB-AF2D-4E6A-871B-64AC135EC7D1}.Release|x64.ActiveCfg = Release|x64
		{D1F385DB-AF2D-4E6A-871B-64AC135EC7D1}.Release|x64.Build.0 = Release|x64
		{D1F385DB-AF2D-4E6A-871B-64AC135EC7D1}.Release|x86.ActiveCfg = Release|Win32
		{D1F385DB-AF2D-4E6A-871B-64AC135EC7D1}.Release|x86.Build.0 = Release|Win32
		{8238DC93-6C64-454C-B3FA-C096F50813C7}.Debug|x64.ActiveCfg = Debug|x64
		{8238DC93-6C64-454C-B3FA-C096F50813C7}.Debug|x64.Build.0 = Debug|x64
		{8238DC93-6C64-454C-B3FA-C096F50813C7}.Debug|x86.ActiveCfg = Debug|Win32
		{8238DC93-6C64-454C-B3FA-C096F50813C7}.Debug|x86.Build.0 = Debug|Win32
		{8238DC93-6C64-454C-B3FA-C096F50813C7}.Release|x64.ActiveCfg = Release|x64
		{8238DC93-6C64-454C-B3FA-C096F50813C7}.Release|x64.Build.0 = Release|x64
		{8238DC93-6C64-454C-B3FA-C096F50813C7}.Release|x86.ActiveCfg = Release|Win32
		{8238DC93-6C64-454C-B3FA-C096F50813C7}.Release|x86.Build.0 = Release|Win32
		{E454CF0C-6EF8-4BF8-8ACD-4819387CA050}.Debug|x64.ActiveCfg = Debug|x64
		{E454CF0C-6EF8-4BF8-8ACD-4819387CA050}.Debug|x64.Build.0 = Debug|x64
		{E454CF0C-6EF8-4BF8-8ACD-4819387CA050}.Debug|x86.ActiveCfg = Debug|Win32
		{E454CF0C-6EF8-4BF8-8ACD-4819387CA050}.Debug|x86.Build.0 = Debug|Win32
		{E454CF0C-6EF8-4BF8-8ACD-4819387CA050}.Release|x64.ActiveCfg = Release|x64
		{E454CF0C-6EF8-4BF8-8ACD-4819387CA050}.Release|x64.Build.0 = Release|x64
		{E454CF0C-6EF8-4BF8-8ACD-4819387CA050}.Release|x86.ActiveCfg = Release|Win32
		{E454CF0C-6EF8-4BF8-8ACD-4819387CA050}.Release|x86.Build.0 = Release|Win32
		{EB4A6AB4-02D8-4240-ACB3-D90BEBCE704D}.Debug|x64.ActiveCfg = Debug|x64
		{EB4A6AB4-02D8-4240-ACB3-D90BEBCE704D}.Debug|x64.Build.0 = Debug|x64
		{EB4A6AB4-02D8-4240-ACB3-D90BEBCE704D}.Debug|x86.ActiveCfg = Debug|Win32
		{EB4A6AB4-02D8-4240-ACB3-D90BEBCE704D}.Debug|x86.Build.0 = Debug|Win32
		{EB4A6AB4-02D8-4240-ACB3-D90BEBCE704D}.Release|x64.ActiveCfg = Release|x64
		{EB4A6AB4-02D8-4240-ACB3-D90BEBCE704D}.Release|x64.Build.0 = Release|x64
		{EB4A6AB4-02D8-4240-ACB3-D90BEBCE704D}.Release|x86.ActiveCfg = Release|Win32
		{EB4A6AB4-02D8-4240-ACB3-D90BEBCE704D}.Release|x86.Build.0 = Release|Win32
		{EF8E7617-5421-4D00-9135-1BD2DDDE1C11}.Debug|x64.ActiveCfg = Debug|x64
		{EF8E7617-5421-4D00-9135-1BD2DDDE1C11}.Debug|x64.Build.0 = Debug|x64
		{EF8E7617-5421-4D00-9135-1BD2DDDE1C11}.Debug|x86.ActiveCfg = Debug|Win32
		{EF8E7617-5421-4D00-9135-1BD2DDDE1C11}.Debug|x86.Build.0 = Debug|Win32
		{EF8E7617-5421-4D00-9135-1BD2DDDE1C11}.Release|x64.ActiveCfg = Release|x64
		{EF8E7617-5421-4D00-9135-1BD2DDDE1C11}.Release|x64.Build.0 = Release|x64
		{EF8E7617-5421-4D00-9135-1BD2DDDE1C11}.Release|x86.ActiveCfg = Release|Win32
		{EF8E7617-5421-4D00-9135-1BD2DDDE1C11}.Release|x86.Build.0 = Release|Win32
		{6E65E02F-3AAB-4EF0-8D62-E0786AD88034}.Debug|x64.ActiveCfg = Debug|x64
		{6E65E02F-3AAB-4EF0-8D62-E0786AD88034}.Debug|x64.Build.0 = Debug|x64
		{6E65E02F-3AAB-4EF0-8D62-E0786AD88034}.Debug|x86.ActiveCfg = Debug|Win32
		{6E65E02F-3AAB-4EF0-8D62-E0786AD88034}.Debug|x86.Build.0 = Debug|Win32
		{6E65E02F-3AAB-4EF0-8D62-E0786AD88034}.Release|x64.ActiveCfg = Release|x64
		{6E65E02F-3AAB-4EF0-8D62-E0786AD88034}.Release|x64.Build.0 = Release|x64
		{6E65E02F-3AAB-4EF0-8D62-E0786AD88034}.Release|x86.ActiveCfg = Release|Win32
		{6E65E02F-3AAB-4EF0-8D62-E0786AD88034}.Release|x86.Build.0 = Release|Win32
		{8D82CF24-970D-4223-AAEC-415E42ADED38}.Debug|x64.ActiveCfg = Debug|x64
		{8D82CF24-970D-4223-AAEC-415E42ADED38}.Debug|x64.Build.0 = Debug|x64
		{8D82CF24-970D-4223-AAEC-415E42ADED38}.Debug|x86.ActiveCfg = Debug|Win32
		{8D82CF24-970D-4223-AAEC-415E42ADED38}.Debug|x86.Build.0 = Debug|Win32
		{8D82CF24-970D-4223-AAEC-415E42ADED38}.Release|x64.ActiveCfg = Release|x64
		{8D82CF24-970D-4223-AAEC-415E42ADED38}.Release|x64.Build.0 = Release|x64
		{8D82CF24-970D-4223-AAEC-415E42ADED38}.Release|x86.ActiveCfg = Release|Win32
		{8D82CF24-970D-4223-AAEC-415E42ADED38}.Release|x86.Build.0 = Release|Win32
		{2639EC84-84D7-4D8C-810A-1295B6C1DFD6}.Debug|x64.ActiveCfg = Debug|x64
		{2639EC84-84D7-4D8C-810A-1295B6C1DFD6}.Debug|x64.Build.0 = Debug|x64
		{2639EC84-84D7-4D8C-810A-1295B6C1DFD6}.Debug|x86.ActiveCfg = Debug|Win32
		{2639EC84-84D7-4D8C-810A-1295B6C1DFD6}.Debug|x86.Build.0 = Debug|Win32
		{2639EC84-84D7-4D8C-810A-1295B6C1DFD6}.Release|x64.ActiveCfg = Release|x64
		{2639EC84-84D7-4D8C-810A-1295B6C1DFD6}.Release|x64.Build.0 = Release|x64
		{2639EC84-84D7-4D8C-810A-1295B6C1DFD6}.Release|x86.ActiveCfg = Release|Win32
		{2639EC84-84D7-4D8C-810A-1295B6C1DFD6}.Release|x86.Build.0 = Release|Win32
		{54D3A382-6590-4D2F-B446-42B37CDED304}.Debug|x64.ActiveCfg = Debug|x64
		{54D3A382-6590-4D2F-B446-42B37CDED304}.Debug|x64.Build.0 = Debug|x64
		{54D3A382-6590-4D2F-B446-42B37CDED304}.Debug|x86.ActiveCfg = Debug|Win32
		{54D3A382-6590-4D2F-B446-42B37CDED304}.Debug|x86.Build.0 = Debug|Win32
		{54D3A382-6590-4D2F-B446-42B37CDED304}.Release|x64.ActiveCfg = Release|x64
		{54D3A382-6590-4D2F-B446-42B37CDED304}.Release|x64.Build.0 = Release|x64
		{54D3A382-6590-4D2F-B446-42B37CDED304}.Release|x86.ActiveCfg = Release|Win32
		{54D3A382-6590-4D2F-B446-42B37CDED304}.Release|x86.Build.0 = Release|Win32
		{23910747-6971-402C-A125-9BF588FA4904}.Debug|x64.ActiveCfg = Debug|x64
		{23910747-6971-402C-A125-9BF588FA4904}.Debug|x64.Build.0 = Debug|x64
		{23910747-6971-402C-A125-9BF588FA4904}.Debug|x86.ActiveCfg = Debug|Win32
		{23910747-6971-402C-A125-9BF588FA4904}.Debug|x86.Build.0 = Debug|Win32
		{23910747-6971-402C-A125-9BF588FA4904}.Release|x64.ActiveCfg = Release|x64
		{23910747-6971-402C-A125-9BF588FA4904}.Release|x64.Build.0 = Release|x64
		{23910747-6971-402C-A125-9BF588FA4904}.Release|x86.ActiveCfg = Release|Win32
		{23910747-6971-402C-A125-9BF588FA4904}.Release|x86.Build.0 = Release|Win32
		{BBB7C54A-46E3-4BFA-9927-4710D052E436}.Debug|x64.ActiveCfg = Debug|x64
		{BBB7C54A-46E3-4BFA-9927-4710D052E436}.Debug|x64.Build.0 = Debug|x64
		{BBB7C54A-46E3-4BFA-9927-4710D052E436}.Debug|x86.ActiveCfg = Debug|Win32
		{BBB7C54A-46E3-4BFA-9927-4710D052E436}.Debug|x86.Build.0 = Debug|Win32
		{BBB7C54A-46E3-4BFA-9927-4710D052E436}.Release|x64.ActiveCfg = Release|x64
		{BBB7C54A-46E3-4BFA-9927-4710D052E436}.Release|x64.Build.0 = Release|x64
		{BBB7C54A-46E3-4BFA-9927-4710D052E436}.Release|x86.ActiveCfg = Release|Win32
		{BBB7C54A-46E3-4BFA-9927-4710D052E436}.Release|x86.Build.0 = Release|Win32
		{50FFDEBF-9CC6-4011-989D-027E5FEF6139}.Debug|x64.ActiveCfg = Debug|x64
		{50FFDEBF-9CC6-4011-989D-027E5FEF6139}.Debug|x64.Build.0 = Debug|x64
		{50FFDEBF-9CC6-4011-989D-027E5FEF6139}.Debug|x86.ActiveCfg = Debug|Win32
		{50FFDEBF-9CC6-4011-989D-027E5FEF6139}.Debug|x86.Build.0 = Debug|Win32
		{50FFDEBF-9CC6-4011-989D-027E5FEF6139}.Release|x64.ActiveCfg = Release|x64
		{50FFDEBF-9CC6-4011-989D-027E5FEF6139}.Release|x64.Build.0 = Release|x64
		{50FFDEBF-9CC6-4011-989D-027E5FEF6139}.Release|x86.ActiveCfg = Release|Win32
		{50FFDEBF-9CC6-4011-989D-027E5FEF6139}.Release|x86.Build.0 = Release|Win32
		{4F2117F6-2E50-4154-811B-6D916D031A24}.Debug|x64.ActiveCfg = Debug|x64
		{4F2117F6-2E50-4154-811B-6D916D031A24}.Debug|x64.Build.0 = Debug|x64
		{4F2117F6-2E50-4154-811B-6D916D031A24}.Debug|x86.ActiveCfg = Debug|Win32
		{4F2117F6-2E50-4154-811B-6D916D031A24}.Debug|x86.Build.0 = Debug|Win32
		{4F2117F6-2E50-4154-811B-6D916D031A24}.Release|x64.ActiveCfg = Release|x64
		{4F2117F6-2E50-4154-811B-6D916D031A24}.Release|x64.Build.0 = Release|x64
		{4F2117F6-2E50-4154-811B-6D916D031A24}.Release|x86.ActiveCfg = Release|Win32
		{4F2117F6-2E50-4154-811B-6D916D031A24}.Release|x86.Build.0 = Release|Win32
		{DDC00CDB-4C15-4A03-AC65-8EC1775377DE}.Debug|x64.ActiveCfg = Debug|x64
		{DDC00CDB-4C15-4A03-AC65-8EC1775377DE}.Debug|x64.Build.0 = Debug|x64
		{DDC00CDB-4C15-4A03-AC65-8EC1775377DE}.Debug|x86.ActiveCfg = Debug|Win32
		{DDC00CDB-4C15-4A03-AC65-8EC1775377DE}.Debug|x86.Build.0 = Debug|Win32
		{DDC00CDB-4C15-4A03-AC65-8EC1775377DE}.Release|x64.ActiveCfg = Release|x64
		{DDC00CDB-4C15-4A03-AC65-8EC1775377DE}.Release|x64.Build.0 = Release|x64
		{DDC00CDB-4C15-4A03-AC65-8EC1775377DE}.Release|x86.ActiveCfg = Release|Win32
		{DDC00CDB-4C15-4A03-AC65-8EC1775377DE}.Release|x86.Build.0 = Release|Win32
		{AA27EBA8-58B8-4FDC-ABE6-40A1B1D99225}.Debug|x64.ActiveCfg = Debug|x64
		{AA27EBA8-58B8-4FDC-ABE6-40A1B1D99225}.Debug|x64.Build.0 = Debug|x64
		{AA27EBA8-58B8-4FDC-ABE6-40A1B1D99225}.Debug|x86.ActiveCfg = Debug|Win32
		{AA27EBA8-58B8-4FDC-ABE6-40A1B1D99225}.Debug|x86.Build.0 = Debug|Win32
		{AA27EBA8-58B8-4FDC-ABE6-40A1B1D99225}.Release|x64.ActiveCfg = Release|x64
		{AA27EBA8-58B8-4FDC-ABE6-40A1B1D99225}.Release|x64.Build.0 = Release|x64
		{AA27EBA8-58B8-4FDC-ABE6-40A1B1D99225}.Release|x86.ActiveCfg = Release|Win32
		{AA27EBA8-58B8-4FDC-ABE6-40A1B1D99225}.Release|x86.Build.0 = Release|Win32
		{E9CA54ED-882B-4D3A-ACD0-2D704605D0B2}.Debug|x64.ActiveCfg = Debug|x64
		{E9CA54ED-882B-4D3A-ACD0-2D704605D0B2}.Debug|x64.Build.0 = Debug|x64
		{E9CA54ED-882B-4D3A-ACD0-2D704605D0B2}.Debug|x86.ActiveCfg = Debug|Win32
		{E9CA54ED-882B-4D3A-ACD0-2D704605D0B2}.Debug|x86.Build.0 = Debug|Win32
		{E9CA54ED-882B-4D3A-ACD0-2D704605D0B2}.Release|x64.ActiveCfg = Release|x64
		{E9CA54ED-882B-4D3A-ACD0-2D704605D0B2}.Release|x64.Build.0 = Release|x64
		{E9CA54ED-882B-4D3A-ACD0-2D704605D0B2}.Release|x86.ActiveCfg = Release|Win32
		{E9CA54ED-882B-4D3A-ACD0-2D704605D0B2}.Release|x86.Build.0 = Release|Win32
		{94C1A522-AD30-4908-BA7E-5A72B55CAF7A}.Debug|x64.ActiveCfg = Debug|x64
		{94C1A522-AD30-4908-BA7E-5A72B55CAF7A}.Debug|x64.Build.0 = Debug|x64
		{94C1A522-AD30-4908-BA7E-5A72B55CAF7A}.Debug|x86.ActiveCfg = Debug|Win32
		{94C1A522-AD30-4908-BA7E-5A72B55CAF7A}.Debug|x86.Build.0 = Debug|Win32
		{94C1A522-AD30-4908-BA7E-5A72B55CAF7A}.Release|x64.ActiveCfg = Release|x64
		{94C1A522-AD30-4908-BA7E-5A72B55CAF7A}.Release|x64.Build.0 = Release|x64
		{94C1A522-AD30-4908-BA7E-5A72B55CAF7A}.Release|x86.ActiveCfg = Release|Win32
		{94C1A522-AD30-4908-BA7E-5A72B55CAF7A}.Release|x86.Build.0 = Release|Win32
		{074D96DD-232C-417F-90E5-04C83AB31B58}.Debug|x64.ActiveCfg = Debug|x64
		{074D96DD-232C-417F-90E5-04C83AB31B58}.Debug|x64.Build.0 = Debug|x64
		{074D96DD-232C-417F-90E5-04C83AB31B58}.Debug|x86.ActiveCfg = Debug|Win32
		{074D96DD-232C-417F-90E5-04C83AB31B58}.Debug|x86.Build.0 = Debug|Win32
		{074D96DD-232C-417F-90E5-04C83AB31B58}.Release|x64.ActiveCfg = Release|x64
		{074D96DD-232C-417F-90E5-04C83AB31B58}.Release|x64.Build.0 = Release|x64
		{074D96DD-232C-417F-90E5-04C83AB31B58}.Release|x86.ActiveCfg = Release|Win32
		{074D96DD-232C-417F-90E5-04C83AB31B58}.Release|x86.Build.0 = Release|Win32
		{B42E03BA-B23A-4EB9-A055-F004FEB1E51D}.Debug|x64.ActiveCfg = Debug|x64
		{B42E03BA-B23A-4EB9-A055-F004FEB1E51D}.Debug|x64.Build.0 = Debug|x64
		{B42E03BA-B23A-4EB9-A055-F004FEB1E51D}.Debug|x86.ActiveCfg = Debug|Win32
		{B42E03BA-B23A-4EB9-A055-F004FEB1E51D}.Debug|x86.Build.0 = Debug|Win32
		{B42E03BA-B23A-4EB9-A055-F004FEB1E51D}.Release|x64.ActiveCfg = Release|x64
		{B42E03BA-B23A-4EB9-A055-F004FEB1E51D}.Release|x64.Build.0 = Release|x64
		{B42E03BA-B23A-4EB9-A055-F004FEB1E51D}.Release|x86.ActiveCfg = Release|Win32
		{B42E03BA-B23A-4EB9-A055-F004FEB1E51D}.Release|x86.Build.0 = Release|Win32
		{490F7572-8692-41BF-89DF-38A510C003BE}.Debug|x64.ActiveCfg = Debug|x64
		{490F7572-8692-41BF-89DF-38A510C003BE}.Debug|x64.Build.0 = Debug|x64
		{490F7572-8692-41BF-89DF-38A510C003BE}.Debug|x86.ActiveCfg = Debug|Win32
		{490F7572-8692-41BF-89DF-38A510C003BE}.Debug|x86.Build.0 = Debug|Win32
		{490F7572-8692-41BF-89DF-38A510C003BE}.Release|x64.ActiveCfg = Release|x64
		{490F7572-8692-41BF-89DF-38A510C003BE}.Release|x64.Build.0 = Release|x64
		{490F7572-8692-41BF-89DF-38A510C003BE}.Release|x86.ActiveCfg = Release|Win32
		{490F7572-8692-41BF-89DF-38A510C003BE}.Release|x86.Build.0 = Release|Win32
		{FB575074-5FD8-4A24-A0F4-2EA6F8EEC28C}.Debug|x64.ActiveCfg = Debug|x64
		{FB575074-5FD8-4A24-A0F4-2EA6F8EEC28C}.Debug|x64.Build.0 = Debug|x64
		{FB575074-5FD8-4A24-A0F4-2EA6F8EEC28C}.Debug|x86.ActiveCfg = Debug|Win32
		{FB575074-5FD8-4A24-A0F4-2EA6F8EEC28C}.Debug|x86.Build.0 = Debug|Win32
		{FB575074-5FD8-4A24-A0F4-2EA6F8EEC28C}.Release|x64.ActiveCfg = Release|x64
		{FB575074-5FD8-4A24-A0F4-2EA6F8EEC28C}.Release|x64.Build.0 = Release|x64
		{FB575074-5FD8-4A24-A0F4-2EA6F8EEC28C}.Release|x86.ActiveCfg = Release|Win32
		{FB575074-5FD8-4A24-A0F4-2EA6F8EEC28C}.Release|x86.Build.0 = Release|Win32
		{F7D3C1EE-B9D8-45DF-A7B7-107F31C5480C}.Debug|x64.ActiveCfg = Debug|x64
		{F7D3C1EE-B9D8-45DF-A7B7-107F31C5480C}.Debug|x64.Build.0 = Debug|x64
		{F7D3C1EE-B9D8-45DF-A7B7-107F31C5480C}.Debug|x86.ActiveCfg = Debug|Win32
		{F7D3C1EE-B9D8-45DF-A7B7-107F31C5480C}.Debug|x86.Build.0 = Debug|Win32
		{F7D3C1EE-B9D8-45DF-A7B7-107F31C5480C}.Release|x64.ActiveCfg = Release|x64
		{F7D3C1EE-B9D8-45DF-A7B7-107F31C5480C}.Release|x64.Build.0 = Release|x64
		{F7D3C1EE-B9D8-45DF-A7B7-107F31C5480C}.Release|x86.ActiveCfg = Release|Win32
		{F7D3C1EE-B9D8-45DF-A7B7-107F31C5480C}.Release|x86.Build.0 = Release|Win32
		{112A7C8D-F488-4A1B-81B3-C08D6B7FED89}.Debug|x64.ActiveCfg = Debug|x64
		{112A7C8D-F488-4A1B-81B3-C08D6B7FED89}.Debug|x64.Build.0 = Debug|x64
		{112A7C8D-F488-4A1B-81B3-C08D6B7FED89}.Debug|x86.ActiveCfg = Debug|Win32
		{112A7C8D-F488-4A1B-81B3-C08D6B7FED89}.Debug|x86.Build.0 = Debug|Win32
		{112A7C8D-F488-4A1B-81B3-C08D6B7FED89}.Release|x64.ActiveCfg = Release|x64
		{112A7C8D-F488-4A1B-81B3-C08D6B7FED89}.Release|x64.Build.0 = Release|x64
		{112A7C8D-F488-4A1B-81B3-C08D6B7FED89}.Release|x86.ActiveCfg = Release|Win32
		{112A7C8D-F488-4A1B-81B3-C08D6B7FED89}.Release|x86.Build.0 = Release|Win32
		{B67C186F-A7F2-4507-845E-157B3B8C7F66}.Debug|x64.ActiveCfg = Debug|x64
		{B67C186F-A7F2-4507-845E-157B3B8C7F66}.Debug|x64.Build.0 = Debug|x64
		{B67C186F-A7F2-4507-845E-157B3B8C7F66}.Debug|x86.ActiveCfg = Debug|Win32
		{B67C186F-A7F2-4507-845E-157B3B8C7F66}.Debug|x86.Build.0 = Debug|Win32
		{B67C186F-A7F2-4507-845E-157B3B8C7F66}.Release|x64.ActiveCfg = Release|x64
		{B67C186F-A7F2-4507-845E-157B3B8C7F66}.Release|x64.Build.0 = Release|x64
		{B67C186F-A7F2-4507-845E-157B3B8C7F66}.Release|x86.ActiveCfg = Release|Win32
		{B67C186F-A7F2-4507-845E-157B3B8C7F66}.Release|x86.Build.0 = Release|Win32
		{4561CCC2-6A21-4611-9998-C6344973DAE6}.Debug|x64.ActiveCfg = Debug|x64
		{4561CCC2-6A21-4611-9998-C6344973DAE6}.Debug|x64.Build.0 = Debug|x64
		{4561CCC2-6A21-4611-9998-C6344973DAE6}.Debug|x86.ActiveCfg = Debug|Win32
		{4561CCC2-6A21-4611-9998-C6344973DAE6}.Debug|x86.Build.0 = Debug|Win32
		{4561CCC2-6A21-4611-9998-C6344973DAE6}.Release|x64.ActiveCfg = Release|x64
		{4561CCC2-6A21-4611-9998-C6344973DAE6}.Release|x64.Build.0 = Release|x64
		{4561CCC2-6A21-4611-9998-C6344973DAE6}.Release|x86.ActiveCfg = Release|Win32
		{4561CCC2-6A21-4611-9998-C6344973DAE6}.Release|x86.Build.0 = Release|Win32
		{CC652168-209E-44C2-9CB1-DEDD537A550C}.Debug|x64.ActiveCfg = Debug|x64
		{CC652168-209E-44C2-9CB1-DEDD537A550C}.Debug|x64.Build.0 = Debug|x64
		{CC652168-209E-44C2-9CB1-DEDD537A550C}.Debug|x86.ActiveCfg = Debug|Win32
		{CC652168-209E-44C2-9CB1-DEDD537A550C}.Debug|x86.Build.0 = Debug|Win32
		{CC652168-209E-44C2-9CB1-DEDD537A550C}.Release|x64.ActiveCfg = Release|x64
		{CC652168-209E-44C2-9CB1-DEDD537A550C}.Release|x64.Build.0 = Release|x64
		{CC652168-209E-44C2-9CB1-DEDD537A550C}.Release|x86.ActiveCfg = Release|Win32
		{CC652168-209E-44C2-9CB1-DEDD537A550C}.Release|x86.Build.0 = Release|Win32
	EndGlobalSection
	GlobalSection(SolutionProperties) = preSolution
		HideSolutionNode = FALSE
	EndGlobalSection
	GlobalSection(ExtensibilityGlobals) = postSolution
		SolutionGuid = {380B1F91-F68C-4706-8641-0C868CCF85CC}
	EndGlobalSection
EndGlobal
